// !$*UTF8*$!
{
	archiveVersion = 1;
	classes = {
	};
	objectVersion = 56;
	objects = {

/* Begin PBXBuildFile section */
		8EB52E0C2AFEADCF00306ED1 /* Exercise8_Rao_ArjunApp.swift in Sources */ = {isa = PBXBuildFile; fileRef = 8EB52E0B2AFEADCF00306ED1 /* Exercise8_Rao_ArjunApp.swift */; };
		8EB52E0E2AFEADCF00306ED1 /* ContentView.swift in Sources */ = {isa = PBXBuildFile; fileRef = 8EB52E0D2AFEADCF00306ED1 /* ContentView.swift */; };
		8EB52E102AFEADD000306ED1 /* Assets.xcassets in Resources */ = {isa = PBXBuildFile; fileRef = 8EB52E0F2AFEADD000306ED1 /* Assets.xcassets */; };
		8EB52E132AFEADD000306ED1 /* Preview Assets.xcassets in Resources */ = {isa = PBXBuildFile; fileRef = 8EB52E122AFEADD000306ED1 /* Preview Assets.xcassets */; };
		8EB52E192AFEADD000306ED1 /* Exercise8_Rao_Arjun Watch App.app in Embed Watch Content */ = {isa = PBXBuildFile; fileRef = 8EB52E182AFEADD000306ED1 /* Exercise8_Rao_Arjun Watch App.app */; settings = {ATTRIBUTES = (RemoveHeadersOnCopy, ); }; };
		8EB52E1E2AFEADD000306ED1 /* Exercise8_Rao_ArjunApp.swift in Sources */ = {isa = PBXBuildFile; fileRef = 8EB52E1D2AFEADD000306ED1 /* Exercise8_Rao_ArjunApp.swift */; };
		8EB52E202AFEADD000306ED1 /* ContentView.swift in Sources */ = {isa = PBXBuildFile; fileRef = 8EB52E1F2AFEADD000306ED1 /* ContentView.swift */; };
		8EB52E222AFEADD200306ED1 /* Assets.xcassets in Resources */ = {isa = PBXBuildFile; fileRef = 8EB52E212AFEADD200306ED1 /* Assets.xcassets */; };
		8EB52E252AFEADD200306ED1 /* Preview Assets.xcassets in Resources */ = {isa = PBXBuildFile; fileRef = 8EB52E242AFEADD200306ED1 /* Preview Assets.xcassets */; };
		8EB52E302AFEB58500306ED1 /* Resnet50.mlmodel in Sources */ = {isa = PBXBuildFile; fileRef = 8EB52E2F2AFEB58400306ED1 /* Resnet50.mlmodel */; };
/* End PBXBuildFile section */

/* Begin PBXContainerItemProxy section */
		8EB52E1A2AFEADD000306ED1 /* PBXContainerItemProxy */ = {
			isa = PBXContainerItemProxy;
			containerPortal = 8EB52E002AFEADCF00306ED1 /* Project object */;
			proxyType = 1;
			remoteGlobalIDString = 8EB52E172AFEADD000306ED1;
			remoteInfo = "Exercise8_Rao_Arjun Watch App";
		};
/* End PBXContainerItemProxy section */

/* Begin PBXCopyFilesBuildPhase section */
		8EB52E2B2AFEADD200306ED1 /* Embed Watch Content */ = {
			isa = PBXCopyFilesBuildPhase;
			buildActionMask = 2147483647;
			dstPath = "$(CONTENTS_FOLDER_PATH)/Watch";
			dstSubfolderSpec = 16;
			files = (
				8EB52E192AFEADD000306ED1 /* Exercise8_Rao_Arjun Watch App.app in Embed Watch Content */,
			);
			name = "Embed Watch Content";
			runOnlyForDeploymentPostprocessing = 0;
		};
/* End PBXCopyFilesBuildPhase section */

/* Begin PBXFileReference section */
		8EB52E082AFEADCF00306ED1 /* Exercise8_Rao_Arjun.app */ = {isa = PBXFileReference; explicitFileType = wrapper.application; includeInIndex = 0; path = Exercise8_Rao_Arjun.app; sourceTree = BUILT_PRODUCTS_DIR; };
		8EB52E0B2AFEADCF00306ED1 /* Exercise8_Rao_ArjunApp.swift */ = {isa = PBXFileReference; lastKnownFileType = sourcecode.swift; path = Exercise8_Rao_ArjunApp.swift; sourceTree = "<group>"; };
		8EB52E0D2AFEADCF00306ED1 /* ContentView.swift */ = {isa = PBXFileReference; lastKnownFileType = sourcecode.swift; path = ContentView.swift; sourceTree = "<group>"; };
		8EB52E0F2AFEADD000306ED1 /* Assets.xcassets */ = {isa = PBXFileReference; lastKnownFileType = folder.assetcatalog; path = Assets.xcassets; sourceTree = "<group>"; };
		8EB52E122AFEADD000306ED1 /* Preview Assets.xcassets */ = {isa = PBXFileReference; lastKnownFileType = folder.assetcatalog; path = "Preview Assets.xcassets"; sourceTree = "<group>"; };
		8EB52E182AFEADD000306ED1 /* Exercise8_Rao_Arjun Watch App.app */ = {isa = PBXFileReference; explicitFileType = wrapper.application; includeInIndex = 0; path = "Exercise8_Rao_Arjun Watch App.app"; sourceTree = BUILT_PRODUCTS_DIR; };
		8EB52E1D2AFEADD000306ED1 /* Exercise8_Rao_ArjunApp.swift */ = {isa = PBXFileReference; lastKnownFileType = sourcecode.swift; path = Exercise8_Rao_ArjunApp.swift; sourceTree = "<group>"; };
		8EB52E1F2AFEADD000306ED1 /* ContentView.swift */ = {isa = PBXFileReference; lastKnownFileType = sourcecode.swift; path = ContentView.swift; sourceTree = "<group>"; };
		8EB52E212AFEADD200306ED1 /* Assets.xcassets */ = {isa = PBXFileReference; lastKnownFileType = folder.assetcatalog; path = Assets.xcassets; sourceTree = "<group>"; };
		8EB52E242AFEADD200306ED1 /* Preview Assets.xcassets */ = {isa = PBXFileReference; lastKnownFileType = folder.assetcatalog; path = "Preview Assets.xcassets"; sourceTree = "<group>"; };
		8EB52E2F2AFEB58400306ED1 /* Resnet50.mlmodel */ = {isa = PBXFileReference; lastKnownFileType = file.mlmodel; path = Resnet50.mlmodel; sourceTree = "<group>"; };
		8ED413F72AFF54B400CD5DA3 /* Exercise8-Rao-Arjun-Info.plist */ = {isa = PBXFileReference; lastKnownFileType = text.plist; path = "Exercise8-Rao-Arjun-Info.plist"; sourceTree = SOURCE_ROOT; };
/* End PBXFileReference section */

/* Begin PBXFrameworksBuildPhase section */
		8EB52E052AFEADCF00306ED1 /* Frameworks */ = {
			isa = PBXFrameworksBuildPhase;
			buildActionMask = 2147483647;
			files = (
			);
			runOnlyForDeploymentPostprocessing = 0;
		};
		8EB52E152AFEADD000306ED1 /* Frameworks */ = {
			isa = PBXFrameworksBuildPhase;
			buildActionMask = 2147483647;
			files = (
			);
			runOnlyForDeploymentPostprocessing = 0;
		};
/* End PBXFrameworksBuildPhase section */

/* Begin PBXGroup section */
		8EB52DFF2AFEADCF00306ED1 = {
			isa = PBXGroup;
			children = (
				8EB52E0A2AFEADCF00306ED1 /* Exercise8_Rao_Arjun */,
				8EB52E1C2AFEADD000306ED1 /* Exercise8_Rao_Arjun Watch App */,
				8EB52E092AFEADCF00306ED1 /* Products */,
			);
			sourceTree = "<group>";
		};
		8EB52E092AFEADCF00306ED1 /* Products */ = {
			isa = PBXGroup;
			children = (
				8EB52E082AFEADCF00306ED1 /* Exercise8_Rao_Arjun.app */,
				8EB52E182AFEADD000306ED1 /* Exercise8_Rao_Arjun Watch App.app */,
			);
			name = Products;
			sourceTree = "<group>";
		};
		8EB52E0A2AFEADCF00306ED1 /* Exercise8_Rao_Arjun */ = {
			isa = PBXGroup;
			children = (
				8ED413F72AFF54B400CD5DA3 /* Exercise8-Rao-Arjun-Info.plist */,
				8EB52E2F2AFEB58400306ED1 /* Resnet50.mlmodel */,
				8EB52E0B2AFEADCF00306ED1 /* Exercise8_Rao_ArjunApp.swift */,
				8EB52E0D2AFEADCF00306ED1 /* ContentView.swift */,
				8EB52E0F2AFEADD000306ED1 /* Assets.xcassets */,
				8EB52E112AFEADD000306ED1 /* Preview Content */,
			);
			path = Exercise8_Rao_Arjun;
			sourceTree = "<group>";
		};
		8EB52E112AFEADD000306ED1 /* Preview Content */ = {
			isa = PBXGroup;
			children = (
				8EB52E122AFEADD000306ED1 /* Preview Assets.xcassets */,
			);
			path = "Preview Content";
			sourceTree = "<group>";
		};
		8EB52E1C2AFEADD000306ED1 /* Exercise8_Rao_Arjun Watch App */ = {
			isa = PBXGroup;
			children = (
				8EB52E1D2AFEADD000306ED1 /* Exercise8_Rao_ArjunApp.swift */,
				8EB52E1F2AFEADD000306ED1 /* ContentView.swift */,
				8EB52E212AFEADD200306ED1 /* Assets.xcassets */,
				8EB52E232AFEADD200306ED1 /* Preview Content */,
			);
			path = "Exercise8_Rao_Arjun Watch App";
			sourceTree = "<group>";
		};
		8EB52E232AFEADD200306ED1 /* Preview Content */ = {
			isa = PBXGroup;
			children = (
				8EB52E242AFEADD200306ED1 /* Preview Assets.xcassets */,
			);
			path = "Preview Content";
			sourceTree = "<group>";
		};
/* End PBXGroup section */

/* Begin PBXNativeTarget section */
		8EB52E072AFEADCF00306ED1 /* Exercise8_Rao_Arjun */ = {
			isa = PBXNativeTarget;
			buildConfigurationList = 8EB52E2C2AFEADD200306ED1 /* Build configuration list for PBXNativeTarget "Exercise8_Rao_Arjun" */;
			buildPhases = (
				8EB52E042AFEADCF00306ED1 /* Sources */,
				8EB52E052AFEADCF00306ED1 /* Frameworks */,
				8EB52E062AFEADCF00306ED1 /* Resources */,
				8EB52E2B2AFEADD200306ED1 /* Embed Watch Content */,
			);
			buildRules = (
			);
			dependencies = (
				8EB52E1B2AFEADD000306ED1 /* PBXTargetDependency */,
			);
			name = Exercise8_Rao_Arjun;
			productName = Exercise8_Rao_Arjun;
			productReference = 8EB52E082AFEADCF00306ED1 /* Exercise8_Rao_Arjun.app */;
			productType = "com.apple.product-type.application";
		};
		8EB52E172AFEADD000306ED1 /* Exercise8_Rao_Arjun Watch App */ = {
			isa = PBXNativeTarget;
			buildConfigurationList = 8EB52E282AFEADD200306ED1 /* Build configuration list for PBXNativeTarget "Exercise8_Rao_Arjun Watch App" */;
			buildPhases = (
				8EB52E142AFEADD000306ED1 /* Sources */,
				8EB52E152AFEADD000306ED1 /* Frameworks */,
				8EB52E162AFEADD000306ED1 /* Resources */,
			);
			buildRules = (
			);
			dependencies = (
			);
			name = "Exercise8_Rao_Arjun Watch App";
			productName = "Exercise8_Rao_Arjun Watch App";
			productReference = 8EB52E182AFEADD000306ED1 /* Exercise8_Rao_Arjun Watch App.app */;
			productType = "com.apple.product-type.application";
		};
/* End PBXNativeTarget section */

/* Begin PBXProject section */
		8EB52E002AFEADCF00306ED1 /* Project object */ = {
			isa = PBXProject;
			attributes = {
				BuildIndependentTargetsInParallel = 1;
				LastSwiftUpdateCheck = 1500;
				LastUpgradeCheck = 1500;
				TargetAttributes = {
					8EB52E072AFEADCF00306ED1 = {
						CreatedOnToolsVersion = 15.0;
					};
					8EB52E172AFEADD000306ED1 = {
						CreatedOnToolsVersion = 15.0;
					};
				};
			};
			buildConfigurationList = 8EB52E032AFEADCF00306ED1 /* Build configuration list for PBXProject "Exercise8_Rao_Arjun" */;
			compatibilityVersion = "Xcode 14.0";
			developmentRegion = en;
			hasScannedForEncodings = 0;
			knownRegions = (
				en,
				Base,
			);
			mainGroup = 8EB52DFF2AFEADCF00306ED1;
			productRefGroup = 8EB52E092AFEADCF00306ED1 /* Products */;
			projectDirPath = "";
			projectRoot = "";
			targets = (
				8EB52E072AFEADCF00306ED1 /* Exercise8_Rao_Arjun */,
				8EB52E172AFEADD000306ED1 /* Exercise8_Rao_Arjun Watch App */,
			);
		};
/* End PBXProject section */

/* Begin PBXResourcesBuildPhase section */
		8EB52E062AFEADCF00306ED1 /* Resources */ = {
			isa = PBXResourcesBuildPhase;
			buildActionMask = 2147483647;
			files = (
				8EB52E132AFEADD000306ED1 /* Preview Assets.xcassets in Resources */,
				8EB52E102AFEADD000306ED1 /* Assets.xcassets in Resources */,
			);
			runOnlyForDeploymentPostprocessing = 0;
		};
		8EB52E162AFEADD000306ED1 /* Resources */ = {
			isa = PBXResourcesBuildPhase;
			buildActionMask = 2147483647;
			files = (
				8EB52E252AFEADD200306ED1 /* Preview Assets.xcassets in Resources */,
				8EB52E222AFEADD200306ED1 /* Assets.xcassets in Resources */,
			);
			runOnlyForDeploymentPostprocessing = 0;
		};
/* End PBXResourcesBuildPhase section */

/* Begin PBXSourcesBuildPhase section */
		8EB52E042AFEADCF00306ED1 /* Sources */ = {
			isa = PBXSourcesBuildPhase;
			buildActionMask = 2147483647;
			files = (
				8EB52E0E2AFEADCF00306ED1 /* ContentView.swift in Sources */,
				8EB52E302AFEB58500306ED1 /* Resnet50.mlmodel in Sources */,
				8EB52E0C2AFEADCF00306ED1 /* Exercise8_Rao_ArjunApp.swift in Sources */,
			);
			runOnlyForDeploymentPostprocessing = 0;
		};
		8EB52E142AFEADD000306ED1 /* Sources */ = {
			isa = PBXSourcesBuildPhase;
			buildActionMask = 2147483647;
			files = (
				8EB52E202AFEADD000306ED1 /* ContentView.swift in Sources */,
				8EB52E1E2AFEADD000306ED1 /* Exercise8_Rao_ArjunApp.swift in Sources */,
			);
			runOnlyForDeploymentPostprocessing = 0;
		};
/* End PBXSourcesBuildPhase section */

/* Begin PBXTargetDependency section */
		8EB52E1B2AFEADD000306ED1 /* PBXTargetDependency */ = {
			isa = PBXTargetDependency;
			target = 8EB52E172AFEADD000306ED1 /* Exercise8_Rao_Arjun Watch App */;
			targetProxy = 8EB52E1A2AFEADD000306ED1 /* PBXContainerItemProxy */;
		};
/* End PBXTargetDependency section */

/* Begin XCBuildConfiguration section */
		8EB52E262AFEADD200306ED1 /* Debug */ = {
			isa = XCBuildConfiguration;
			buildSettings = {
				ALWAYS_SEARCH_USER_PATHS = NO;
				ASSETCATALOG_COMPILER_GENERATE_SWIFT_ASSET_SYMBOL_EXTENSIONS = YES;
				CLANG_ANALYZER_NONNULL = YES;
				CLANG_ANALYZER_NUMBER_OBJECT_CONVERSION = YES_AGGRESSIVE;
				CLANG_CXX_LANGUAGE_STANDARD = "gnu++20";
				CLANG_ENABLE_MODULES = YES;
				CLANG_ENABLE_OBJC_ARC = YES;
				CLANG_ENABLE_OBJC_WEAK = YES;
				CLANG_WARN_BLOCK_CAPTURE_AUTORELEASING = YES;
				CLANG_WARN_BOOL_CONVERSION = YES;
				CLANG_WARN_COMMA = YES;
				CLANG_WARN_CONSTANT_CONVERSION = YES;
				CLANG_WARN_DEPRECATED_OBJC_IMPLEMENTATIONS = YES;
				CLANG_WARN_DIRECT_OBJC_ISA_USAGE = YES_ERROR;
				CLANG_WARN_DOCUMENTATION_COMMENTS = YES;
				CLANG_WARN_EMPTY_BODY = YES;
				CLANG_WARN_ENUM_CONVERSION = YES;
				CLANG_WARN_INFINITE_RECURSION = YES;
				CLANG_WARN_INT_CONVERSION = YES;
				CLANG_WARN_NON_LITERAL_NULL_CONVERSION = YES;
				CLANG_WARN_OBJC_IMPLICIT_RETAIN_SELF = YES;
				CLANG_WARN_OBJC_LITERAL_CONVERSION = YES;
				CLANG_WARN_OBJC_ROOT_CLASS = YES_ERROR;
				CLANG_WARN_QUOTED_INCLUDE_IN_FRAMEWORK_HEADER = YES;
				CLANG_WARN_RANGE_LOOP_ANALYSIS = YES;
				CLANG_WARN_STRICT_PROTOTYPES = YES;
				CLANG_WARN_SUSPICIOUS_MOVE = YES;
				CLANG_WARN_UNGUARDED_AVAILABILITY = YES_AGGRESSIVE;
				CLANG_WARN_UNREACHABLE_CODE = YES;
				CLANG_WARN__DUPLICATE_METHOD_MATCH = YES;
				COPY_PHASE_STRIP = NO;
				DEBUG_INFORMATION_FORMAT = dwarf;
				ENABLE_STRICT_OBJC_MSGSEND = YES;
				ENABLE_TESTABILITY = YES;
				ENABLE_USER_SCRIPT_SANDBOXING = YES;
				GCC_C_LANGUAGE_STANDARD = gnu17;
				GCC_DYNAMIC_NO_PIC = NO;
				GCC_NO_COMMON_BLOCKS = YES;
				GCC_OPTIMIZATION_LEVEL = 0;
				GCC_PREPROCESSOR_DEFINITIONS = (
					"DEBUG=1",
					"$(inherited)",
				);
				GCC_WARN_64_TO_32_BIT_CONVERSION = YES;
				GCC_WARN_ABOUT_RETURN_TYPE = YES_ERROR;
				GCC_WARN_UNDECLARED_SELECTOR = YES;
				GCC_WARN_UNINITIALIZED_AUTOS = YES_AGGRESSIVE;
				GCC_WARN_UNUSED_FUNCTION = YES;
				GCC_WARN_UNUSED_VARIABLE = YES;
				LOCALIZATION_PREFERS_STRING_CATALOGS = YES;
				MTL_ENABLE_DEBUG_INFO = INCLUDE_SOURCE;
				MTL_FAST_MATH = YES;
				ONLY_ACTIVE_ARCH = YES;
				SWIFT_ACTIVE_COMPILATION_CONDITIONS = "DEBUG $(inherited)";
				SWIFT_OPTIMIZATION_LEVEL = "-Onone";
			};
			name = Debug;
		};
		8EB52E272AFEADD200306ED1 /* Release */ = {
			isa = XCBuildConfiguration;
			buildSettings = {
				ALWAYS_SEARCH_USER_PATHS = NO;
				ASSETCATALOG_COMPILER_GENERATE_SWIFT_ASSET_SYMBOL_EXTENSIONS = YES;
				CLANG_ANALYZER_NONNULL = YES;
				CLANG_ANALYZER_NUMBER_OBJECT_CONVERSION = YES_AGGRESSIVE;
				CLANG_CXX_LANGUAGE_STANDARD = "gnu++20";
				CLANG_ENABLE_MODULES = YES;
				CLANG_ENABLE_OBJC_ARC = YES;
				CLANG_ENABLE_OBJC_WEAK = YES;
				CLANG_WARN_BLOCK_CAPTURE_AUTORELEASING = YES;
				CLANG_WARN_BOOL_CONVERSION = YES;
				CLANG_WARN_COMMA = YES;
				CLANG_WARN_CONSTANT_CONVERSION = YES;
				CLANG_WARN_DEPRECATED_OBJC_IMPLEMENTATIONS = YES;
				CLANG_WARN_DIRECT_OBJC_ISA_USAGE = YES_ERROR;
				CLANG_WARN_DOCUMENTATION_COMMENTS = YES;
				CLANG_WARN_EMPTY_BODY = YES;
				CLANG_WARN_ENUM_CONVERSION = YES;
				CLANG_WARN_INFINITE_RECURSION = YES;
				CLANG_WARN_INT_CONVERSION = YES;
				CLANG_WARN_NON_LITERAL_NULL_CONVERSION = YES;
				CLANG_WARN_OBJC_IMPLICIT_RETAIN_SELF = YES;
				CLANG_WARN_OBJC_LITERAL_CONVERSION = YES;
				CLANG_WARN_OBJC_ROOT_CLASS = YES_ERROR;
				CLANG_WARN_QUOTED_INCLUDE_IN_FRAMEWORK_HEADER = YES;
				CLANG_WARN_RANGE_LOOP_ANALYSIS = YES;
				CLANG_WARN_STRICT_PROTOTYPES = YES;
				CLANG_WARN_SUSPICIOUS_MOVE = YES;
				CLANG_WARN_UNGUARDED_AVAILABILITY = YES_AGGRESSIVE;
				CLANG_WARN_UNREACHABLE_CODE = YES;
				CLANG_WARN__DUPLICATE_METHOD_MATCH = YES;
				COPY_PHASE_STRIP = NO;
				DEBUG_INFORMATION_FORMAT = "dwarf-with-dsym";
				ENABLE_NS_ASSERTIONS = NO;
				ENABLE_STRICT_OBJC_MSGSEND = YES;
				ENABLE_USER_SCRIPT_SANDBOXING = YES;
				GCC_C_LANGUAGE_STANDARD = gnu17;
				GCC_NO_COMMON_BLOCKS = YES;
				GCC_WARN_64_TO_32_BIT_CONVERSION = YES;
				GCC_WARN_ABOUT_RETURN_TYPE = YES_ERROR;
				GCC_WARN_UNDECLARED_SELECTOR = YES;
				GCC_WARN_UNINITIALIZED_AUTOS = YES_AGGRESSIVE;
				GCC_WARN_UNUSED_FUNCTION = YES;
				GCC_WARN_UNUSED_VARIABLE = YES;
				LOCALIZATION_PREFERS_STRING_CATALOGS = YES;
				MTL_ENABLE_DEBUG_INFO = NO;
				MTL_FAST_MATH = YES;
				SWIFT_COMPILATION_MODE = wholemodule;
			};
			name = Release;
		};
		8EB52E292AFEADD200306ED1 /* Debug */ = {
			isa = XCBuildConfiguration;
			buildSettings = {
				ASSETCATALOG_COMPILER_APPICON_NAME = AppIcon;
				ASSETCATALOG_COMPILER_GLOBAL_ACCENT_COLOR_NAME = AccentColor;
				CODE_SIGN_STYLE = Automatic;
				CURRENT_PROJECT_VERSION = 1;
				DEVELOPMENT_ASSET_PATHS = "\"Exercise8_Rao_Arjun Watch App/Preview Content\"";
				ENABLE_PREVIEWS = YES;
				GENERATE_INFOPLIST_FILE = YES;
				INFOPLIST_KEY_CFBundleDisplayName = Exercise8_Rao_Arjun;
				INFOPLIST_KEY_UISupportedInterfaceOrientations = "UIInterfaceOrientationPortrait UIInterfaceOrientationPortraitUpsideDown";
				INFOPLIST_KEY_WKCompanionAppBundleIdentifier = "UH.Exercise8-Rao-Arjun";
				LD_RUNPATH_SEARCH_PATHS = (
					"$(inherited)",
					"@executable_path/Frameworks",
				);
				MARKETING_VERSION = 1.0;
				PRODUCT_BUNDLE_IDENTIFIER = "UH.Exercise8-Rao-Arjun.watchkitapp";
				PRODUCT_NAME = "$(TARGET_NAME)";
				SDKROOT = watchos;
				SKIP_INSTALL = YES;
				SWIFT_EMIT_LOC_STRINGS = YES;
				SWIFT_VERSION = 5.0;
				TARGETED_DEVICE_FAMILY = 4;
				WATCHOS_DEPLOYMENT_TARGET = 10.0;
			};
			name = Debug;
		};
		8EB52E2A2AFEADD200306ED1 /* Release */ = {
			isa = XCBuildConfiguration;
			buildSettings = {
				ASSETCATALOG_COMPILER_APPICON_NAME = AppIcon;
				ASSETCATALOG_COMPILER_GLOBAL_ACCENT_COLOR_NAME = AccentColor;
				CODE_SIGN_STYLE = Automatic;
				CURRENT_PROJECT_VERSION = 1;
				DEVELOPMENT_ASSET_PATHS = "\"Exercise8_Rao_Arjun Watch App/Preview Content\"";
				ENABLE_PREVIEWS = YES;
				GENERATE_INFOPLIST_FILE = YES;
				INFOPLIST_KEY_CFBundleDisplayName = Exercise8_Rao_Arjun;
				INFOPLIST_KEY_UISupportedInterfaceOrientations = "UIInterfaceOrientationPortrait UIInterfaceOrientationPortraitUpsideDown";
				INFOPLIST_KEY_WKCompanionAppBundleIdentifier = "UH.Exercise8-Rao-Arjun";
				LD_RUNPATH_SEARCH_PATHS = (
					"$(inherited)",
					"@executable_path/Frameworks",
				);
				MARKETING_VERSION = 1.0;
				PRODUCT_BUNDLE_IDENTIFIER = "UH.Exercise8-Rao-Arjun.watchkitapp";
				PRODUCT_NAME = "$(TARGET_NAME)";
				SDKROOT = watchos;
				SKIP_INSTALL = YES;
				SWIFT_EMIT_LOC_STRINGS = YES;
				SWIFT_VERSION = 5.0;
				TARGETED_DEVICE_FAMILY = 4;
				VALIDATE_PRODUCT = YES;
				WATCHOS_DEPLOYMENT_TARGET = 10.0;
			};
			name = Release;
		};
		8EB52E2D2AFEADD200306ED1 /* Debug */ = {
			isa = XCBuildConfiguration;
			buildSettings = {
				ALWAYS_EMBED_SWIFT_STANDARD_LIBRARIES = YES;
				ASSETCATALOG_COMPILER_APPICON_NAME = AppIcon;
				ASSETCATALOG_COMPILER_GLOBAL_ACCENT_COLOR_NAME = AccentColor;
				CODE_SIGN_STYLE = Automatic;
				CURRENT_PROJECT_VERSION = 1;
				DEVELOPMENT_ASSET_PATHS = "\"Exercise8_Rao_Arjun/Preview Content\"";
				ENABLE_PREVIEWS = YES;
				GENERATE_INFOPLIST_FILE = YES;
				INFOPLIST_FILE = "Exercise8-Rao-Arjun-Info.plist";
				INFOPLIST_KEY_CFBundleDisplayName = Exercise8_Rao_Arjun;
				INFOPLIST_KEY_UIApplicationSceneManifest_Generation = YES;
				INFOPLIST_KEY_UIApplicationSupportsIndirectInputEvents = YES;
				INFOPLIST_KEY_UILaunchScreen_Generation = YES;
				INFOPLIST_KEY_UISupportedInterfaceOrientations_iPad = "UIInterfaceOrientationPortrait UIInterfaceOrientationPortraitUpsideDown UIInterfaceOrientationLandscapeLeft UIInterfaceOrientationLandscapeRight";
				INFOPLIST_KEY_UISupportedInterfaceOrientations_iPhone = "UIInterfaceOrientationPortrait UIInterfaceOrientationLandscapeLeft UIInterfaceOrientationLandscapeRight";
				IPHONEOS_DEPLOYMENT_TARGET = 17.0;
				LD_RUNPATH_SEARCH_PATHS = (
					"$(inherited)",
					"@executable_path/Frameworks",
				);
				MARKETING_VERSION = 1.0;
				PRODUCT_BUNDLE_IDENTIFIER = "UH.Exercise8-Rao-Arjun";
				PRODUCT_NAME = "$(TARGET_NAME)";
				SDKROOT = iphoneos;
				SWIFT_EMIT_LOC_STRINGS = YES;
				SWIFT_VERSION = 5.0;
				TARGETED_DEVICE_FAMILY = "1,2";
			};
			name = Debug;
		};
		8EB52E2E2AFEADD200306ED1 /* Release */ = {
			isa = XCBuildConfiguration;
			buildSettings = {
				ALWAYS_EMBED_SWIFT_STANDARD_LIBRARIES = YES;
				ASSETCATALOG_COMPILER_APPICON_NAME = AppIcon;
				ASSETCATALOG_COMPILER_GLOBAL_ACCENT_COLOR_NAME = AccentColor;
				CODE_SIGN_STYLE = Automatic;
				CURRENT_PROJECT_VERSION = 1;
				DEVELOPMENT_ASSET_PATHS = "\"Exercise8_Rao_Arjun/Preview Content\"";
				ENABLE_PREVIEWS = YES;
				GENERATE_INFOPLIST_FILE = YES;
				INFOPLIST_FILE = "Exercise8-Rao-Arjun-Info.plist";
				INFOPLIST_KEY_CFBundleDisplayName = Exercise8_Rao_Arjun;
				INFOPLIST_KEY_UIApplicationSceneManifest_Generation = YES;
				INFOPLIST_KEY_UIApplicationSupportsIndirectInputEvents = YES;
				INFOPLIST_KEY_UILaunchScreen_Generation = YES;
				INFOPLIST_KEY_UISupportedInterfaceOrientations_iPad = "UIInterfaceOrientationPortrait UIInterfaceOrientationPortraitUpsideDown UIInterfaceOrientationLandscapeLeft UIInterfaceOrientationLandscapeRight";
				INFOPLIST_KEY_UISupportedInterfaceOrientations_iPhone = "UIInterfaceOrientationPortrait UIInterfaceOrientationLandscapeLeft UIInterfaceOrientationLandscapeRight";
				IPHONEOS_DEPLOYMENT_TARGET = 17.0;
				LD_RUNPATH_SEARCH_PATHS = (
					"$(inherited)",
					"@executable_path/Frameworks",
				);
				MARKETING_VERSION = 1.0;
				PRODUCT_BUNDLE_IDENTIFIER = "UH.Exercise8-Rao-Arjun";
				PRODUCT_NAME = "$(TARGET_NAME)";
				SDKROOT = iphoneos;
				SWIFT_EMIT_LOC_STRINGS = YES;
				SWIFT_VERSION = 5.0;
				TARGETED_DEVICE_FAMILY = "1,2";
				VALIDATE_PRODUCT = YES;
			};
			name = Release;
		};
/* End XCBuildConfiguration section */

/* Begin XCConfigurationList section */
		8EB52E032AFEADCF00306ED1 /* Build configuration list for PBXProject "Exercise8_Rao_Arjun" */ = {
			isa = XCConfigurationList;
			buildConfigurations = (
				8EB52E262AFEADD200306ED1 /* Debug */,
				8EB52E272AFEADD200306ED1 /* Release */,
			);
			defaultConfigurationIsVisible = 0;
			defaultConfigurationName = Release;
		};
		8EB52E282AFEADD200306ED1 /* Build configuration list for PBXNativeTarget "Exercise8_Rao_Arjun Watch App" */ = {
			isa = XCConfigurationList;
			buildConfigurations = (
				8EB52E292AFEADD200306ED1 /* Debug */,
				8EB52E2A2AFEADD200306ED1 /* Release */,
			);
			defaultConfigurationIsVisible = 0;
			defaultConfigurationName = Release;
		};
		8EB52E2C2AFEADD200306ED1 /* Build configuration list for PBXNativeTarget "Exercise8_Rao_Arjun" */ = {
			isa = XCConfigurationList;
			buildConfigurations = (
				8EB52E2D2AFEADD200306ED1 /* Debug */,
				8EB52E2E2AFEADD200306ED1 /* Release */,
			);
			defaultConfigurationIsVisible = 0;
			defaultConfigurationName = Release;
		};
/* End XCConfigurationList section */
	};
	rootObject = 8EB52E002AFEADCF00306ED1 /* Project object */;
}
