// !$*UTF8*$!
{
	archiveVersion = 1;
	classes = {
	};
	objectVersion = 56;
	objects = {

/* Begin PBXBuildFile section */
		8E78B43C2ABCE69E003B6889 /* Exam1_Rao_ArjunApp.swift in Sources */ = {isa = PBXBuildFile; fileRef = 8E78B43B2ABCE69E003B6889 /* Exam1_Rao_ArjunApp.swift */; };
		8E78B43E2ABCE69E003B6889 /* ContentView.swift in Sources */ = {isa = PBXBuildFile; fileRef = 8E78B43D2ABCE69E003B6889 /* ContentView.swift */; };
		8E78B4402ABCE69E003B6889 /* Assets.xcassets in Resources */ = {isa = PBXBuildFile; fileRef = 8E78B43F2ABCE69E003B6889 /* Assets.xcassets */; };
		8E78B4432ABCE69E003B6889 /* Preview Assets.xcassets in Resources */ = {isa = PBXBuildFile; fileRef = 8E78B4422ABCE69E003B6889 /* Preview Assets.xcassets */; };
		8E78B44D2ABCE69F003B6889 /* Exam1_Rao_ArjunTests.swift in Sources */ = {isa = PBXBuildFile; fileRef = 8E78B44C2ABCE69F003B6889 /* Exam1_Rao_ArjunTests.swift */; };
		8E78B4572ABCE69F003B6889 /* Exam1_Rao_ArjunUITests.swift in Sources */ = {isa = PBXBuildFile; fileRef = 8E78B4562ABCE69F003B6889 /* Exam1_Rao_ArjunUITests.swift */; };
		8E78B4592ABCE69F003B6889 /* Exam1_Rao_ArjunUITestsLaunchTests.swift in Sources */ = {isa = PBXBuildFile; fileRef = 8E78B4582ABCE69F003B6889 /* Exam1_Rao_ArjunUITestsLaunchTests.swift */; };
/* End PBXBuildFile section */

/* Begin PBXContainerItemProxy section */
		8E78B4492ABCE69F003B6889 /* PBXContainerItemProxy */ = {
			isa = PBXContainerItemProxy;
			containerPortal = 8E78B4302ABCE69E003B6889 /* Project object */;
			proxyType = 1;
			remoteGlobalIDString = 8E78B4372ABCE69E003B6889;
			remoteInfo = Exam1_Rao_Arjun;
		};
		8E78B4532ABCE69F003B6889 /* PBXContainerItemProxy */ = {
			isa = PBXContainerItemProxy;
			containerPortal = 8E78B4302ABCE69E003B6889 /* Project object */;
			proxyType = 1;
			remoteGlobalIDString = 8E78B4372ABCE69E003B6889;
			remoteInfo = Exam1_Rao_Arjun;
		};
/* End PBXContainerItemProxy section */

/* Begin PBXFileReference section */
		8E78B4382ABCE69E003B6889 /* Exam1_Rao_Arjun.app */ = {isa = PBXFileReference; explicitFileType = wrapper.application; includeInIndex = 0; path = Exam1_Rao_Arjun.app; sourceTree = BUILT_PRODUCTS_DIR; };
		8E78B43B2ABCE69E003B6889 /* Exam1_Rao_ArjunApp.swift */ = {isa = PBXFileReference; lastKnownFileType = sourcecode.swift; path = Exam1_Rao_ArjunApp.swift; sourceTree = "<group>"; };
		8E78B43D2ABCE69E003B6889 /* ContentView.swift */ = {isa = PBXFileReference; lastKnownFileType = sourcecode.swift; path = ContentView.swift; sourceTree = "<group>"; };
		8E78B43F2ABCE69E003B6889 /* Assets.xcassets */ = {isa = PBXFileReference; lastKnownFileType = folder.assetcatalog; path = Assets.xcassets; sourceTree = "<group>"; };
		8E78B4422ABCE69E003B6889 /* Preview Assets.xcassets */ = {isa = PBXFileReference; lastKnownFileType = folder.assetcatalog; path = "Preview Assets.xcassets"; sourceTree = "<group>"; };
		8E78B4482ABCE69F003B6889 /* Exam1_Rao_ArjunTests.xctest */ = {isa = PBXFileReference; explicitFileType = wrapper.cfbundle; includeInIndex = 0; path = Exam1_Rao_ArjunTests.xctest; sourceTree = BUILT_PRODUCTS_DIR; };
		8E78B44C2ABCE69F003B6889 /* Exam1_Rao_ArjunTests.swift */ = {isa = PBXFileReference; lastKnownFileType = sourcecode.swift; path = Exam1_Rao_ArjunTests.swift; sourceTree = "<group>"; };
		8E78B4522ABCE69F003B6889 /* Exam1_Rao_ArjunUITests.xctest */ = {isa = PBXFileReference; explicitFileType = wrapper.cfbundle; includeInIndex = 0; path = Exam1_Rao_ArjunUITests.xctest; sourceTree = BUILT_PRODUCTS_DIR; };
		8E78B4562ABCE69F003B6889 /* Exam1_Rao_ArjunUITests.swift */ = {isa = PBXFileReference; lastKnownFileType = sourcecode.swift; path = Exam1_Rao_ArjunUITests.swift; sourceTree = "<group>"; };
		8E78B4582ABCE69F003B6889 /* Exam1_Rao_ArjunUITestsLaunchTests.swift */ = {isa = PBXFileReference; lastKnownFileType = sourcecode.swift; path = Exam1_Rao_ArjunUITestsLaunchTests.swift; sourceTree = "<group>"; };
/* End PBXFileReference section */

/* Begin PBXFrameworksBuildPhase section */
		8E78B4352ABCE69E003B6889 /* Frameworks */ = {
			isa = PBXFrameworksBuildPhase;
			buildActionMask = 2147483647;
			files = (
			);
			runOnlyForDeploymentPostprocessing = 0;
		};
		8E78B4452ABCE69F003B6889 /* Frameworks */ = {
			isa = PBXFrameworksBuildPhase;
			buildActionMask = 2147483647;
			files = (
			);
			runOnlyForDeploymentPostprocessing = 0;
		};
		8E78B44F2ABCE69F003B6889 /* Frameworks */ = {
			isa = PBXFrameworksBuildPhase;
			buildActionMask = 2147483647;
			files = (
			);
			runOnlyForDeploymentPostprocessing = 0;
		};
/* End PBXFrameworksBuildPhase section */

/* Begin PBXGroup section */
		8E78B42F2ABCE69E003B6889 = {
			isa = PBXGroup;
			children = (
				8E78B43A2ABCE69E003B6889 /* Exam1_Rao_Arjun */,
				8E78B44B2ABCE69F003B6889 /* Exam1_Rao_ArjunTests */,
				8E78B4552ABCE69F003B6889 /* Exam1_Rao_ArjunUITests */,
				8E78B4392ABCE69E003B6889 /* Products */,
			);
			sourceTree = "<group>";
		};
		8E78B4392ABCE69E003B6889 /* Products */ = {
			isa = PBXGroup;
			children = (
				8E78B4382ABCE69E003B6889 /* Exam1_Rao_Arjun.app */,
				8E78B4482ABCE69F003B6889 /* Exam1_Rao_ArjunTests.xctest */,
				8E78B4522ABCE69F003B6889 /* Exam1_Rao_ArjunUITests.xctest */,
			);
			name = Products;
			sourceTree = "<group>";
		};
		8E78B43A2ABCE69E003B6889 /* Exam1_Rao_Arjun */ = {
			isa = PBXGroup;
			children = (
				8E78B43B2ABCE69E003B6889 /* Exam1_Rao_ArjunApp.swift */,
				8E78B43D2ABCE69E003B6889 /* ContentView.swift */,
				8E78B43F2ABCE69E003B6889 /* Assets.xcassets */,
				8E78B4412ABCE69E003B6889 /* Preview Content */,
			);
			path = Exam1_Rao_Arjun;
			sourceTree = "<group>";
		};
		8E78B4412ABCE69E003B6889 /* Preview Content */ = {
			isa = PBXGroup;
			children = (
				8E78B4422ABCE69E003B6889 /* Preview Assets.xcassets */,
			);
			path = "Preview Content";
			sourceTree = "<group>";
		};
		8E78B44B2ABCE69F003B6889 /* Exam1_Rao_ArjunTests */ = {
			isa = PBXGroup;
			children = (
				8E78B44C2ABCE69F003B6889 /* Exam1_Rao_ArjunTests.swift */,
			);
			path = Exam1_Rao_ArjunTests;
			sourceTree = "<group>";
		};
		8E78B4552ABCE69F003B6889 /* Exam1_Rao_ArjunUITests */ = {
			isa = PBXGroup;
			children = (
				8E78B4562ABCE69F003B6889 /* Exam1_Rao_ArjunUITests.swift */,
				8E78B4582ABCE69F003B6889 /* Exam1_Rao_ArjunUITestsLaunchTests.swift */,
			);
			path = Exam1_Rao_ArjunUITests;
			sourceTree = "<group>";
		};
/* End PBXGroup section */

/* Begin PBXNativeTarget section */
		8E78B4372ABCE69E003B6889 /* Exam1_Rao_Arjun */ = {
			isa = PBXNativeTarget;
			buildConfigurationList = 8E78B45C2ABCE69F003B6889 /* Build configuration list for PBXNativeTarget "Exam1_Rao_Arjun" */;
			buildPhases = (
				8E78B4342ABCE69E003B6889 /* Sources */,
				8E78B4352ABCE69E003B6889 /* Frameworks */,
				8E78B4362ABCE69E003B6889 /* Resources */,
			);
			buildRules = (
			);
			dependencies = (
			);
			name = Exam1_Rao_Arjun;
			productName = Exam1_Rao_Arjun;
			productReference = 8E78B4382ABCE69E003B6889 /* Exam1_Rao_Arjun.app */;
			productType = "com.apple.product-type.application";
		};
		8E78B4472ABCE69F003B6889 /* Exam1_Rao_ArjunTests */ = {
			isa = PBXNativeTarget;
			buildConfigurationList = 8E78B45F2ABCE69F003B6889 /* Build configuration list for PBXNativeTarget "Exam1_Rao_ArjunTests" */;
			buildPhases = (
				8E78B4442ABCE69F003B6889 /* Sources */,
				8E78B4452ABCE69F003B6889 /* Frameworks */,
				8E78B4462ABCE69F003B6889 /* Resources */,
			);
			buildRules = (
			);
			dependencies = (
				8E78B44A2ABCE69F003B6889 /* PBXTargetDependency */,
			);
			name = Exam1_Rao_ArjunTests;
			productName = Exam1_Rao_ArjunTests;
			productReference = 8E78B4482ABCE69F003B6889 /* Exam1_Rao_ArjunTests.xctest */;
			productType = "com.apple.product-type.bundle.unit-test";
		};
		8E78B4512ABCE69F003B6889 /* Exam1_Rao_ArjunUITests */ = {
			isa = PBXNativeTarget;
			buildConfigurationList = 8E78B4622ABCE69F003B6889 /* Build configuration list for PBXNativeTarget "Exam1_Rao_ArjunUITests" */;
			buildPhases = (
				8E78B44E2ABCE69F003B6889 /* Sources */,
				8E78B44F2ABCE69F003B6889 /* Frameworks */,
				8E78B4502ABCE69F003B6889 /* Resources */,
			);
			buildRules = (
			);
			dependencies = (
				8E78B4542ABCE69F003B6889 /* PBXTargetDependency */,
			);
			name = Exam1_Rao_ArjunUITests;
			productName = Exam1_Rao_ArjunUITests;
			productReference = 8E78B4522ABCE69F003B6889 /* Exam1_Rao_ArjunUITests.xctest */;
			productType = "com.apple.product-type.bundle.ui-testing";
		};
/* End PBXNativeTarget section */

/* Begin PBXProject section */
		8E78B4302ABCE69E003B6889 /* Project object */ = {
			isa = PBXProject;
			attributes = {
				BuildIndependentTargetsInParallel = 1;
				LastSwiftUpdateCheck = 1430;
				LastUpgradeCheck = 1430;
				TargetAttributes = {
					8E78B4372ABCE69E003B6889 = {
						CreatedOnToolsVersion = 14.3.1;
					};
					8E78B4472ABCE69F003B6889 = {
						CreatedOnToolsVersion = 14.3.1;
						TestTargetID = 8E78B4372ABCE69E003B6889;
					};
					8E78B4512ABCE69F003B6889 = {
						CreatedOnToolsVersion = 14.3.1;
						TestTargetID = 8E78B4372ABCE69E003B6889;
					};
				};
			};
			buildConfigurationList = 8E78B4332ABCE69E003B6889 /* Build configuration list for PBXProject "Exam1_Rao_Arjun" */;
			compatibilityVersion = "Xcode 14.0";
			developmentRegion = en;
			hasScannedForEncodings = 0;
			knownRegions = (
				en,
				Base,
			);
			mainGroup = 8E78B42F2ABCE69E003B6889;
			productRefGroup = 8E78B4392ABCE69E003B6889 /* Products */;
			projectDirPath = "";
			projectRoot = "";
			targets = (
				8E78B4372ABCE69E003B6889 /* Exam1_Rao_Arjun */,
				8E78B4472ABCE69F003B6889 /* Exam1_Rao_ArjunTests */,
				8E78B4512ABCE69F003B6889 /* Exam1_Rao_ArjunUITests */,
			);
		};
/* End PBXProject section */

/* Begin PBXResourcesBuildPhase section */
		8E78B4362ABCE69E003B6889 /* Resources */ = {
			isa = PBXResourcesBuildPhase;
			buildActionMask = 2147483647;
			files = (
				8E78B4432ABCE69E003B6889 /* Preview Assets.xcassets in Resources */,
				8E78B4402ABCE69E003B6889 /* Assets.xcassets in Resources */,
			);
			runOnlyForDeploymentPostprocessing = 0;
		};
		8E78B4462ABCE69F003B6889 /* Resources */ = {
			isa = PBXResourcesBuildPhase;
			buildActionMask = 2147483647;
			files = (
			);
			runOnlyForDeploymentPostprocessing = 0;
		};
		8E78B4502ABCE69F003B6889 /* Resources */ = {
			isa = PBXResourcesBuildPhase;
			buildActionMask = 2147483647;
			files = (
			);
			runOnlyForDeploymentPostprocessing = 0;
		};
/* End PBXResourcesBuildPhase section */

/* Begin PBXSourcesBuildPhase section */
		8E78B4342ABCE69E003B6889 /* Sources */ = {
			isa = PBXSourcesBuildPhase;
			buildActionMask = 2147483647;
			files = (
				8E78B43E2ABCE69E003B6889 /* ContentView.swift in Sources */,
				8E78B43C2ABCE69E003B6889 /* Exam1_Rao_ArjunApp.swift in Sources */,
			);
			runOnlyForDeploymentPostprocessing = 0;
		};
		8E78B4442ABCE69F003B6889 /* Sources */ = {
			isa = PBXSourcesBuildPhase;
			buildActionMask = 2147483647;
			files = (
				8E78B44D2ABCE69F003B6889 /* Exam1_Rao_ArjunTests.swift in Sources */,
			);
			runOnlyForDeploymentPostprocessing = 0;
		};
		8E78B44E2ABCE69F003B6889 /* Sources */ = {
			isa = PBXSourcesBuildPhase;
			buildActionMask = 2147483647;
			files = (
				8E78B4572ABCE69F003B6889 /* Exam1_Rao_ArjunUITests.swift in Sources */,
				8E78B4592ABCE69F003B6889 /* Exam1_Rao_ArjunUITestsLaunchTests.swift in Sources */,
			);
			runOnlyForDeploymentPostprocessing = 0;
		};
/* End PBXSourcesBuildPhase section */

/* Begin PBXTargetDependency section */
		8E78B44A2ABCE69F003B6889 /* PBXTargetDependency */ = {
			isa = PBXTargetDependency;
			target = 8E78B4372ABCE69E003B6889 /* Exam1_Rao_Arjun */;
			targetProxy = 8E78B4492ABCE69F003B6889 /* PBXContainerItemProxy */;
		};
		8E78B4542ABCE69F003B6889 /* PBXTargetDependency */ = {
			isa = PBXTargetDependency;
			target = 8E78B4372ABCE69E003B6889 /* Exam1_Rao_Arjun */;
			targetProxy = 8E78B4532ABCE69F003B6889 /* PBXContainerItemProxy */;
		};
/* End PBXTargetDependency section */

/* Begin XCBuildConfiguration section */
		8E78B45A2ABCE69F003B6889 /* Debug */ = {
			isa = XCBuildConfiguration;
			buildSettings = {
				ALWAYS_SEARCH_USER_PATHS = NO;
				CLANG_ANALYZER_NONNULL = YES;
				CLANG_ANALYZER_NUMBER_OBJECT_CONVERSION = YES_AGGRESSIVE;
				CLANG_CXX_LANGUAGE_STANDARD = "gnu++20";
				CLANG_ENABLE_MODULES = YES;
				CLANG_ENABLE_OBJC_ARC = YES;
				CLANG_ENABLE_OBJC_WEAK = YES;
				CLANG_WARN_BLOCK_CAPTURE_AUTORELEASING = YES;
				CLANG_WARN_BOOL_CONVERSION = YES;
				CLANG_WARN_COMMA = YES;
				CLANG_WARN_CONSTANT_CONVERSION = YES;
				CLANG_WARN_DEPRECATED_OBJC_IMPLEMENTATIONS = YES;
				CLANG_WARN_DIRECT_OBJC_ISA_USAGE = YES_ERROR;
				CLANG_WARN_DOCUMENTATION_COMMENTS = YES;
				CLANG_WARN_EMPTY_BODY = YES;
				CLANG_WARN_ENUM_CONVERSION = YES;
				CLANG_WARN_INFINITE_RECURSION = YES;
				CLANG_WARN_INT_CONVERSION = YES;
				CLANG_WARN_NON_LITERAL_NULL_CONVERSION = YES;
				CLANG_WARN_OBJC_IMPLICIT_RETAIN_SELF = YES;
				CLANG_WARN_OBJC_LITERAL_CONVERSION = YES;
				CLANG_WARN_OBJC_ROOT_CLASS = YES_ERROR;
				CLANG_WARN_QUOTED_INCLUDE_IN_FRAMEWORK_HEADER = YES;
				CLANG_WARN_RANGE_LOOP_ANALYSIS = YES;
				CLANG_WARN_STRICT_PROTOTYPES = YES;
				CLANG_WARN_SUSPICIOUS_MOVE = YES;
				CLANG_WARN_UNGUARDED_AVAILABILITY = YES_AGGRESSIVE;
				CLANG_WARN_UNREACHABLE_CODE = YES;
				CLANG_WARN__DUPLICATE_METHOD_MATCH = YES;
				COPY_PHASE_STRIP = NO;
				DEBUG_INFORMATION_FORMAT = dwarf;
				ENABLE_STRICT_OBJC_MSGSEND = YES;
				ENABLE_TESTABILITY = YES;
				GCC_C_LANGUAGE_STANDARD = gnu11;
				GCC_DYNAMIC_NO_PIC = NO;
				GCC_NO_COMMON_BLOCKS = YES;
				GCC_OPTIMIZATION_LEVEL = 0;
				GCC_PREPROCESSOR_DEFINITIONS = (
					"DEBUG=1",
					"$(inherited)",
				);
				GCC_WARN_64_TO_32_BIT_CONVERSION = YES;
				GCC_WARN_ABOUT_RETURN_TYPE = YES_ERROR;
				GCC_WARN_UNDECLARED_SELECTOR = YES;
				GCC_WARN_UNINITIALIZED_AUTOS = YES_AGGRESSIVE;
				GCC_WARN_UNUSED_FUNCTION = YES;
				GCC_WARN_UNUSED_VARIABLE = YES;
				IPHONEOS_DEPLOYMENT_TARGET = 16.4;
				MTL_ENABLE_DEBUG_INFO = INCLUDE_SOURCE;
				MTL_FAST_MATH = YES;
				ONLY_ACTIVE_ARCH = YES;
				SDKROOT = iphoneos;
				SWIFT_ACTIVE_COMPILATION_CONDITIONS = DEBUG;
				SWIFT_OPTIMIZATION_LEVEL = "-Onone";
			};
			name = Debug;
		};
		8E78B45B2ABCE69F003B6889 /* Release */ = {
			isa = XCBuildConfiguration;
			buildSettings = {
				ALWAYS_SEARCH_USER_PATHS = NO;
				CLANG_ANALYZER_NONNULL = YES;
				CLANG_ANALYZER_NUMBER_OBJECT_CONVERSION = YES_AGGRESSIVE;
				CLANG_CXX_LANGUAGE_STANDARD = "gnu++20";
				CLANG_ENABLE_MODULES = YES;
				CLANG_ENABLE_OBJC_ARC = YES;
				CLANG_ENABLE_OBJC_WEAK = YES;
				CLANG_WARN_BLOCK_CAPTURE_AUTORELEASING = YES;
				CLANG_WARN_BOOL_CONVERSION = YES;
				CLANG_WARN_COMMA = YES;
				CLANG_WARN_CONSTANT_CONVERSION = YES;
				CLANG_WARN_DEPRECATED_OBJC_IMPLEMENTATIONS = YES;
				CLANG_WARN_DIRECT_OBJC_ISA_USAGE = YES_ERROR;
				CLANG_WARN_DOCUMENTATION_COMMENTS = YES;
				CLANG_WARN_EMPTY_BODY = YES;
				CLANG_WARN_ENUM_CONVERSION = YES;
				CLANG_WARN_INFINITE_RECURSION = YES;
				CLANG_WARN_INT_CONVERSION = YES;
				CLANG_WARN_NON_LITERAL_NULL_CONVERSION = YES;
				CLANG_WARN_OBJC_IMPLICIT_RETAIN_SELF = YES;
				CLANG_WARN_OBJC_LITERAL_CONVERSION = YES;
				CLANG_WARN_OBJC_ROOT_CLASS = YES_ERROR;
				CLANG_WARN_QUOTED_INCLUDE_IN_FRAMEWORK_HEADER = YES;
				CLANG_WARN_RANGE_LOOP_ANALYSIS = YES;
				CLANG_WARN_STRICT_PROTOTYPES = YES;
				CLANG_WARN_SUSPICIOUS_MOVE = YES;
				CLANG_WARN_UNGUARDED_AVAILABILITY = YES_AGGRESSIVE;
				CLANG_WARN_UNREACHABLE_CODE = YES;
				CLANG_WARN__DUPLICATE_METHOD_MATCH = YES;
				COPY_PHASE_STRIP = NO;
				DEBUG_INFORMATION_FORMAT = "dwarf-with-dsym";
				ENABLE_NS_ASSERTIONS = NO;
				ENABLE_STRICT_OBJC_MSGSEND = YES;
				GCC_C_LANGUAGE_STANDARD = gnu11;
				GCC_NO_COMMON_BLOCKS = YES;
				GCC_WARN_64_TO_32_BIT_CONVERSION = YES;
				GCC_WARN_ABOUT_RETURN_TYPE = YES_ERROR;
				GCC_WARN_UNDECLARED_SELECTOR = YES;
				GCC_WARN_UNINITIALIZED_AUTOS = YES_AGGRESSIVE;
				GCC_WARN_UNUSED_FUNCTION = YES;
				GCC_WARN_UNUSED_VARIABLE = YES;
				IPHONEOS_DEPLOYMENT_TARGET = 16.4;
				MTL_ENABLE_DEBUG_INFO = NO;
				MTL_FAST_MATH = YES;
				SDKROOT = iphoneos;
				SWIFT_COMPILATION_MODE = wholemodule;
				SWIFT_OPTIMIZATION_LEVEL = "-O";
				VALIDATE_PRODUCT = YES;
			};
			name = Release;
		};
		8E78B45D2ABCE69F003B6889 /* Debug */ = {
			isa = XCBuildConfiguration;
			buildSettings = {
				ASSETCATALOG_COMPILER_APPICON_NAME = AppIcon;
				ASSETCATALOG_COMPILER_GLOBAL_ACCENT_COLOR_NAME = AccentColor;
				CODE_SIGN_STYLE = Automatic;
				CURRENT_PROJECT_VERSION = 1;
				DEVELOPMENT_ASSET_PATHS = "\"Exam1_Rao_Arjun/Preview Content\"";
				ENABLE_PREVIEWS = YES;
				GENERATE_INFOPLIST_FILE = YES;
				INFOPLIST_KEY_UIApplicationSceneManifest_Generation = YES;
				INFOPLIST_KEY_UIApplicationSupportsIndirectInputEvents = YES;
				INFOPLIST_KEY_UILaunchScreen_Generation = YES;
				INFOPLIST_KEY_UISupportedInterfaceOrientations_iPad = "UIInterfaceOrientationPortrait UIInterfaceOrientationPortraitUpsideDown UIInterfaceOrientationLandscapeLeft UIInterfaceOrientationLandscapeRight";
				INFOPLIST_KEY_UISupportedInterfaceOrientations_iPhone = "UIInterfaceOrientationPortrait UIInterfaceOrientationLandscapeLeft UIInterfaceOrientationLandscapeRight";
				LD_RUNPATH_SEARCH_PATHS = (
					"$(inherited)",
					"@executable_path/Frameworks",
				);
				MARKETING_VERSION = 1.0;
				PRODUCT_BUNDLE_IDENTIFIER = "UH.Exam1-Rao-Arjun";
				PRODUCT_NAME = "$(TARGET_NAME)";
				SWIFT_EMIT_LOC_STRINGS = YES;
				SWIFT_VERSION = 5.0;
				TARGETED_DEVICE_FAMILY = "1,2";
			};
			name = Debug;
		};
		8E78B45E2ABCE69F003B6889 /* Release */ = {
			isa = XCBuildConfiguration;
			buildSettings = {
				ASSETCATALOG_COMPILER_APPICON_NAME = AppIcon;
				ASSETCATALOG_COMPILER_GLOBAL_ACCENT_COLOR_NAME = AccentColor;
				CODE_SIGN_STYLE = Automatic;
				CURRENT_PROJECT_VERSION = 1;
				DEVELOPMENT_ASSET_PATHS = "\"Exam1_Rao_Arjun/Preview Content\"";
				ENABLE_PREVIEWS = YES;
				GENERATE_INFOPLIST_FILE = YES;
				INFOPLIST_KEY_UIApplicationSceneManifest_Generation = YES;
				INFOPLIST_KEY_UIApplicationSupportsIndirectInputEvents = YES;
				INFOPLIST_KEY_UILaunchScreen_Generation = YES;
				INFOPLIST_KEY_UISupportedInterfaceOrientations_iPad = "UIInterfaceOrientationPortrait UIInterfaceOrientationPortraitUpsideDown UIInterfaceOrientationLandscapeLeft UIInterfaceOrientationLandscapeRight";
				INFOPLIST_KEY_UISupportedInterfaceOrientations_iPhone = "UIInterfaceOrientationPortrait UIInterfaceOrientationLandscapeLeft UIInterfaceOrientationLandscapeRight";
				LD_RUNPATH_SEARCH_PATHS = (
					"$(inherited)",
					"@executable_path/Frameworks",
				);
				MARKETING_VERSION = 1.0;
				PRODUCT_BUNDLE_IDENTIFIER = "UH.Exam1-Rao-Arjun";
				PRODUCT_NAME = "$(TARGET_NAME)";
				SWIFT_EMIT_LOC_STRINGS = YES;
				SWIFT_VERSION = 5.0;
				TARGETED_DEVICE_FAMILY = "1,2";
			};
			name = Release;
		};
		8E78B4602ABCE69F003B6889 /* Debug */ = {
			isa = XCBuildConfiguration;
			buildSettings = {
				ALWAYS_EMBED_SWIFT_STANDARD_LIBRARIES = YES;
				BUNDLE_LOADER = "$(TEST_HOST)";
				CODE_SIGN_STYLE = Automatic;
				CURRENT_PROJECT_VERSION = 1;
				GENERATE_INFOPLIST_FILE = YES;
				IPHONEOS_DEPLOYMENT_TARGET = 16.4;
				MARKETING_VERSION = 1.0;
				PRODUCT_BUNDLE_IDENTIFIER = "UH.Exam1-Rao-ArjunTests";
				PRODUCT_NAME = "$(TARGET_NAME)";
				SWIFT_EMIT_LOC_STRINGS = NO;
				SWIFT_VERSION = 5.0;
				TARGETED_DEVICE_FAMILY = "1,2";
				TEST_HOST = "$(BUILT_PRODUCTS_DIR)/Exam1_Rao_Arjun.app/$(BUNDLE_EXECUTABLE_FOLDER_PATH)/Exam1_Rao_Arjun";
			};
			name = Debug;
		};
		8E78B4612ABCE69F003B6889 /* Release */ = {
			isa = XCBuildConfiguration;
			buildSettings = {
				ALWAYS_EMBED_SWIFT_STANDARD_LIBRARIES = YES;
				BUNDLE_LOADER = "$(TEST_HOST)";
				CODE_SIGN_STYLE = Automatic;
				CURRENT_PROJECT_VERSION = 1;
				GENERATE_INFOPLIST_FILE = YES;
				IPHONEOS_DEPLOYMENT_TARGET = 16.4;
				MARKETING_VERSION = 1.0;
				PRODUCT_BUNDLE_IDENTIFIER = "UH.Exam1-Rao-ArjunTests";
				PRODUCT_NAME = "$(TARGET_NAME)";
				SWIFT_EMIT_LOC_STRINGS = NO;
				SWIFT_VERSION = 5.0;
				TARGETED_DEVICE_FAMILY = "1,2";
				TEST_HOST = "$(BUILT_PRODUCTS_DIR)/Exam1_Rao_Arjun.app/$(BUNDLE_EXECUTABLE_FOLDER_PATH)/Exam1_Rao_Arjun";
			};
			name = Release;
		};
		8E78B4632ABCE69F003B6889 /* Debug */ = {
			isa = XCBuildConfiguration;
			buildSettings = {
				ALWAYS_EMBED_SWIFT_STANDARD_LIBRARIES = YES;
				CODE_SIGN_STYLE = Automatic;
				CURRENT_PROJECT_VERSION = 1;
				GENERATE_INFOPLIST_FILE = YES;
				MARKETING_VERSION = 1.0;
				PRODUCT_BUNDLE_IDENTIFIER = "UH.Exam1-Rao-ArjunUITests";
				PRODUCT_NAME = "$(TARGET_NAME)";
				SWIFT_EMIT_LOC_STRINGS = NO;
				SWIFT_VERSION = 5.0;
				TARGETED_DEVICE_FAMILY = "1,2";
				TEST_TARGET_NAME = Exam1_Rao_Arjun;
			};
			name = Debug;
		};
		8E78B4642ABCE69F003B6889 /* Release */ = {
			isa = XCBuildConfiguration;
			buildSettings = {
				ALWAYS_EMBED_SWIFT_STANDARD_LIBRARIES = YES;
				CODE_SIGN_STYLE = Automatic;
				CURRENT_PROJECT_VERSION = 1;
				GENERATE_INFOPLIST_FILE = YES;
				MARKETING_VERSION = 1.0;
				PRODUCT_BUNDLE_IDENTIFIER = "UH.Exam1-Rao-ArjunUITests";
				PRODUCT_NAME = "$(TARGET_NAME)";
				SWIFT_EMIT_LOC_STRINGS = NO;
				SWIFT_VERSION = 5.0;
				TARGETED_DEVICE_FAMILY = "1,2";
				TEST_TARGET_NAME = Exam1_Rao_Arjun;
			};
			name = Release;
		};
/* End XCBuildConfiguration section */

/* Begin XCConfigurationList section */
		8E78B4332ABCE69E003B6889 /* Build configuration list for PBXProject "Exam1_Rao_Arjun" */ = {
			isa = XCConfigurationList;
			buildConfigurations = (
				8E78B45A2ABCE69F003B6889 /* Debug */,
				8E78B45B2ABCE69F003B6889 /* Release */,
			);
			defaultConfigurationIsVisible = 0;
			defaultConfigurationName = Release;
		};
		8E78B45C2ABCE69F003B6889 /* Build configuration list for PBXNativeTarget "Exam1_Rao_Arjun" */ = {
			isa = XCConfigurationList;
			buildConfigurations = (
				8E78B45D2ABCE69F003B6889 /* Debug */,
				8E78B45E2ABCE69F003B6889 /* Release */,
			);
			defaultConfigurationIsVisible = 0;
			defaultConfigurationName = Release;
		};
		8E78B45F2ABCE69F003B6889 /* Build configuration list for PBXNativeTarget "Exam1_Rao_ArjunTests" */ = {
			isa = XCConfigurationList;
			buildConfigurations = (
				8E78B4602ABCE69F003B6889 /* Debug */,
				8E78B4612ABCE69F003B6889 /* Release */,
			);
			defaultConfigurationIsVisible = 0;
			defaultConfigurationName = Release;
		};
		8E78B4622ABCE69F003B6889 /* Build configuration list for PBXNativeTarget "Exam1_Rao_ArjunUITests" */ = {
			isa = XCConfigurationList;
			buildConfigurations = (
				8E78B4632ABCE69F003B6889 /* Debug */,
				8E78B4642ABCE69F003B6889 /* Release */,
			);
			defaultConfigurationIsVisible = 0;
			defaultConfigurationName = Release;
		};
/* End XCConfigurationList section */
	};
	rootObject = 8E78B4302ABCE69E003B6889 /* Project object */;
}
