// !$*UTF8*$!
{
	archiveVersion = 1;
	classes = {
	};
	objectVersion = 56;
	objects = {

/* Begin PBXBuildFile section */
		8EF4CE872AEB40B500C5D937 /* Exercise7_Rao_Arjun Watch App.app in Embed Watch Content */ = {isa = PBXBuildFile; fileRef = 8EF4CE862AEB40B500C5D937 /* Exercise7_Rao_Arjun Watch App.app */; settings = {ATTRIBUTES = (RemoveHeadersOnCopy, ); }; };
		8EF4CE8C2AEB40B500C5D937 /* Exercise7_Rao_ArjunApp.swift in Sources */ = {isa = PBXBuildFile; fileRef = 8EF4CE8B2AEB40B500C5D937 /* Exercise7_Rao_ArjunApp.swift */; };
		8EF4CE8E2AEB40B500C5D937 /* ContentView.swift in Sources */ = {isa = PBXBuildFile; fileRef = 8EF4CE8D2AEB40B500C5D937 /* ContentView.swift */; };
		8EF4CE902AEB40B600C5D937 /* Assets.xcassets in Resources */ = {isa = PBXBuildFile; fileRef = 8EF4CE8F2AEB40B600C5D937 /* Assets.xcassets */; };
		8EF4CE932AEB40B600C5D937 /* Preview Assets.xcassets in Resources */ = {isa = PBXBuildFile; fileRef = 8EF4CE922AEB40B600C5D937 /* Preview Assets.xcassets */; };
		8EF4CE9D2AEB40B600C5D937 /* Exercise7_Rao_Arjun_Watch_AppTests.swift in Sources */ = {isa = PBXBuildFile; fileRef = 8EF4CE9C2AEB40B600C5D937 /* Exercise7_Rao_Arjun_Watch_AppTests.swift */; };
		8EF4CEA72AEB40B600C5D937 /* Exercise7_Rao_Arjun_Watch_AppUITests.swift in Sources */ = {isa = PBXBuildFile; fileRef = 8EF4CEA62AEB40B600C5D937 /* Exercise7_Rao_Arjun_Watch_AppUITests.swift */; };
		8EF4CEA92AEB40B600C5D937 /* Exercise7_Rao_Arjun_Watch_AppUITestsLaunchTests.swift in Sources */ = {isa = PBXBuildFile; fileRef = 8EF4CEA82AEB40B600C5D937 /* Exercise7_Rao_Arjun_Watch_AppUITestsLaunchTests.swift */; };
/* End PBXBuildFile section */

/* Begin PBXContainerItemProxy section */
		8EF4CE882AEB40B500C5D937 /* PBXContainerItemProxy */ = {
			isa = PBXContainerItemProxy;
			containerPortal = 8EF4CE7A2AEB40B500C5D937 /* Project object */;
			proxyType = 1;
			remoteGlobalIDString = 8EF4CE852AEB40B500C5D937;
			remoteInfo = "Exercise7_Rao_Arjun Watch App";
		};
		8EF4CE992AEB40B600C5D937 /* PBXContainerItemProxy */ = {
			isa = PBXContainerItemProxy;
			containerPortal = 8EF4CE7A2AEB40B500C5D937 /* Project object */;
			proxyType = 1;
			remoteGlobalIDString = 8EF4CE852AEB40B500C5D937;
			remoteInfo = "Exercise7_Rao_Arjun Watch App";
		};
		8EF4CEA32AEB40B600C5D937 /* PBXContainerItemProxy */ = {
			isa = PBXContainerItemProxy;
			containerPortal = 8EF4CE7A2AEB40B500C5D937 /* Project object */;
			proxyType = 1;
			remoteGlobalIDString = 8EF4CE852AEB40B500C5D937;
			remoteInfo = "Exercise7_Rao_Arjun Watch App";
		};
/* End PBXContainerItemProxy section */

/* Begin PBXCopyFilesBuildPhase section */
		8EF4CEAF2AEB40B600C5D937 /* Embed Watch Content */ = {
			isa = PBXCopyFilesBuildPhase;
			buildActionMask = 2147483647;
			dstPath = "$(CONTENTS_FOLDER_PATH)/Watch";
			dstSubfolderSpec = 16;
			files = (
				8EF4CE872AEB40B500C5D937 /* Exercise7_Rao_Arjun Watch App.app in Embed Watch Content */,
			);
			name = "Embed Watch Content";
			runOnlyForDeploymentPostprocessing = 0;
		};
/* End PBXCopyFilesBuildPhase section */

/* Begin PBXFileReference section */
		8EC59C352AEEC828009B3840 /* Exercise7-Rao-Arjun-Watch-App-Info.plist */ = {isa = PBXFileReference; lastKnownFileType = text.plist; path = "Exercise7-Rao-Arjun-Watch-App-Info.plist"; sourceTree = SOURCE_ROOT; };
		8EC59C362AEECC43009B3840 /* Exercise7_Rao_Arjun Watch App.entitlements */ = {isa = PBXFileReference; lastKnownFileType = text.plist.entitlements; path = "Exercise7_Rao_Arjun Watch App.entitlements"; sourceTree = "<group>"; };
		8EF4CE802AEB40B500C5D937 /* Exercise7_Rao_Arjun.app */ = {isa = PBXFileReference; explicitFileType = wrapper.application; includeInIndex = 0; path = Exercise7_Rao_Arjun.app; sourceTree = BUILT_PRODUCTS_DIR; };
		8EF4CE862AEB40B500C5D937 /* Exercise7_Rao_Arjun Watch App.app */ = {isa = PBXFileReference; explicitFileType = wrapper.application; includeInIndex = 0; path = "Exercise7_Rao_Arjun Watch App.app"; sourceTree = BUILT_PRODUCTS_DIR; };
		8EF4CE8B2AEB40B500C5D937 /* Exercise7_Rao_ArjunApp.swift */ = {isa = PBXFileReference; lastKnownFileType = sourcecode.swift; path = Exercise7_Rao_ArjunApp.swift; sourceTree = "<group>"; };
		8EF4CE8D2AEB40B500C5D937 /* ContentView.swift */ = {isa = PBXFileReference; lastKnownFileType = sourcecode.swift; path = ContentView.swift; sourceTree = "<group>"; };
		8EF4CE8F2AEB40B600C5D937 /* Assets.xcassets */ = {isa = PBXFileReference; lastKnownFileType = folder.assetcatalog; path = Assets.xcassets; sourceTree = "<group>"; };
		8EF4CE922AEB40B600C5D937 /* Preview Assets.xcassets */ = {isa = PBXFileReference; lastKnownFileType = folder.assetcatalog; path = "Preview Assets.xcassets"; sourceTree = "<group>"; };
		8EF4CE982AEB40B600C5D937 /* Exercise7_Rao_Arjun Watch AppTests.xctest */ = {isa = PBXFileReference; explicitFileType = wrapper.cfbundle; includeInIndex = 0; path = "Exercise7_Rao_Arjun Watch AppTests.xctest"; sourceTree = BUILT_PRODUCTS_DIR; };
		8EF4CE9C2AEB40B600C5D937 /* Exercise7_Rao_Arjun_Watch_AppTests.swift */ = {isa = PBXFileReference; lastKnownFileType = sourcecode.swift; path = Exercise7_Rao_Arjun_Watch_AppTests.swift; sourceTree = "<group>"; };
		8EF4CEA22AEB40B600C5D937 /* Exercise7_Rao_Arjun Watch AppUITests.xctest */ = {isa = PBXFileReference; explicitFileType = wrapper.cfbundle; includeInIndex = 0; path = "Exercise7_Rao_Arjun Watch AppUITests.xctest"; sourceTree = BUILT_PRODUCTS_DIR; };
		8EF4CEA62AEB40B600C5D937 /* Exercise7_Rao_Arjun_Watch_AppUITests.swift */ = {isa = PBXFileReference; lastKnownFileType = sourcecode.swift; path = Exercise7_Rao_Arjun_Watch_AppUITests.swift; sourceTree = "<group>"; };
		8EF4CEA82AEB40B600C5D937 /* Exercise7_Rao_Arjun_Watch_AppUITestsLaunchTests.swift */ = {isa = PBXFileReference; lastKnownFileType = sourcecode.swift; path = Exercise7_Rao_Arjun_Watch_AppUITestsLaunchTests.swift; sourceTree = "<group>"; };
/* End PBXFileReference section */

/* Begin PBXFrameworksBuildPhase section */
		8EF4CE832AEB40B500C5D937 /* Frameworks */ = {
			isa = PBXFrameworksBuildPhase;
			buildActionMask = 2147483647;
			files = (
			);
			runOnlyForDeploymentPostprocessing = 0;
		};
		8EF4CE952AEB40B600C5D937 /* Frameworks */ = {
			isa = PBXFrameworksBuildPhase;
			buildActionMask = 2147483647;
			files = (
			);
			runOnlyForDeploymentPostprocessing = 0;
		};
		8EF4CE9F2AEB40B600C5D937 /* Frameworks */ = {
			isa = PBXFrameworksBuildPhase;
			buildActionMask = 2147483647;
			files = (
			);
			runOnlyForDeploymentPostprocessing = 0;
		};
/* End PBXFrameworksBuildPhase section */

/* Begin PBXGroup section */
		8EF4CE792AEB40B500C5D937 = {
			isa = PBXGroup;
			children = (
				8EF4CE8A2AEB40B500C5D937 /* Exercise7_Rao_Arjun Watch App */,
				8EF4CE9B2AEB40B600C5D937 /* Exercise7_Rao_Arjun Watch AppTests */,
				8EF4CEA52AEB40B600C5D937 /* Exercise7_Rao_Arjun Watch AppUITests */,
				8EF4CE812AEB40B500C5D937 /* Products */,
			);
			sourceTree = "<group>";
		};
		8EF4CE812AEB40B500C5D937 /* Products */ = {
			isa = PBXGroup;
			children = (
				8EF4CE802AEB40B500C5D937 /* Exercise7_Rao_Arjun.app */,
				8EF4CE862AEB40B500C5D937 /* Exercise7_Rao_Arjun Watch App.app */,
				8EF4CE982AEB40B600C5D937 /* Exercise7_Rao_Arjun Watch AppTests.xctest */,
				8EF4CEA22AEB40B600C5D937 /* Exercise7_Rao_Arjun Watch AppUITests.xctest */,
			);
			name = Products;
			sourceTree = "<group>";
		};
		8EF4CE8A2AEB40B500C5D937 /* Exercise7_Rao_Arjun Watch App */ = {
			isa = PBXGroup;
			children = (
				8EC59C362AEECC43009B3840 /* Exercise7_Rao_Arjun Watch App.entitlements */,
				8EC59C352AEEC828009B3840 /* Exercise7-Rao-Arjun-Watch-App-Info.plist */,
				8EF4CE8B2AEB40B500C5D937 /* Exercise7_Rao_ArjunApp.swift */,
				8EF4CE8D2AEB40B500C5D937 /* ContentView.swift */,
				8EF4CE8F2AEB40B600C5D937 /* Assets.xcassets */,
				8EF4CE912AEB40B600C5D937 /* Preview Content */,
			);
			path = "Exercise7_Rao_Arjun Watch App";
			sourceTree = "<group>";
		};
		8EF4CE912AEB40B600C5D937 /* Preview Content */ = {
			isa = PBXGroup;
			children = (
				8EF4CE922AEB40B600C5D937 /* Preview Assets.xcassets */,
			);
			path = "Preview Content";
			sourceTree = "<group>";
		};
		8EF4CE9B2AEB40B600C5D937 /* Exercise7_Rao_Arjun Watch AppTests */ = {
			isa = PBXGroup;
			children = (
				8EF4CE9C2AEB40B600C5D937 /* Exercise7_Rao_Arjun_Watch_AppTests.swift */,
			);
			path = "Exercise7_Rao_Arjun Watch AppTests";
			sourceTree = "<group>";
		};
		8EF4CEA52AEB40B600C5D937 /* Exercise7_Rao_Arjun Watch AppUITests */ = {
			isa = PBXGroup;
			children = (
				8EF4CEA62AEB40B600C5D937 /* Exercise7_Rao_Arjun_Watch_AppUITests.swift */,
				8EF4CEA82AEB40B600C5D937 /* Exercise7_Rao_Arjun_Watch_AppUITestsLaunchTests.swift */,
			);
			path = "Exercise7_Rao_Arjun Watch AppUITests";
			sourceTree = "<group>";
		};
/* End PBXGroup section */

/* Begin PBXNativeTarget section */
		8EF4CE7F2AEB40B500C5D937 /* Exercise7_Rao_Arjun */ = {
			isa = PBXNativeTarget;
			buildConfigurationList = 8EF4CEB02AEB40B600C5D937 /* Build configuration list for PBXNativeTarget "Exercise7_Rao_Arjun" */;
			buildPhases = (
				8EF4CE7E2AEB40B500C5D937 /* Resources */,
				8EF4CEAF2AEB40B600C5D937 /* Embed Watch Content */,
			);
			buildRules = (
			);
			dependencies = (
				8EF4CE892AEB40B500C5D937 /* PBXTargetDependency */,
			);
			name = Exercise7_Rao_Arjun;
			productName = Exercise7_Rao_Arjun;
			productReference = 8EF4CE802AEB40B500C5D937 /* Exercise7_Rao_Arjun.app */;
			productType = "com.apple.product-type.application.watchapp2-container";
		};
		8EF4CE852AEB40B500C5D937 /* Exercise7_Rao_Arjun Watch App */ = {
			isa = PBXNativeTarget;
			buildConfigurationList = 8EF4CEAC2AEB40B600C5D937 /* Build configuration list for PBXNativeTarget "Exercise7_Rao_Arjun Watch App" */;
			buildPhases = (
				8EF4CE822AEB40B500C5D937 /* Sources */,
				8EF4CE832AEB40B500C5D937 /* Frameworks */,
				8EF4CE842AEB40B500C5D937 /* Resources */,
			);
			buildRules = (
			);
			dependencies = (
			);
			name = "Exercise7_Rao_Arjun Watch App";
			productName = "Exercise7_Rao_Arjun Watch App";
			productReference = 8EF4CE862AEB40B500C5D937 /* Exercise7_Rao_Arjun Watch App.app */;
			productType = "com.apple.product-type.application";
		};
		8EF4CE972AEB40B600C5D937 /* Exercise7_Rao_Arjun Watch AppTests */ = {
			isa = PBXNativeTarget;
			buildConfigurationList = 8EF4CEB32AEB40B600C5D937 /* Build configuration list for PBXNativeTarget "Exercise7_Rao_Arjun Watch AppTests" */;
			buildPhases = (
				8EF4CE942AEB40B600C5D937 /* Sources */,
				8EF4CE952AEB40B600C5D937 /* Frameworks */,
				8EF4CE962AEB40B600C5D937 /* Resources */,
			);
			buildRules = (
			);
			dependencies = (
				8EF4CE9A2AEB40B600C5D937 /* PBXTargetDependency */,
			);
			name = "Exercise7_Rao_Arjun Watch AppTests";
			productName = "Exercise7_Rao_Arjun Watch AppTests";
			productReference = 8EF4CE982AEB40B600C5D937 /* Exercise7_Rao_Arjun Watch AppTests.xctest */;
			productType = "com.apple.product-type.bundle.unit-test";
		};
		8EF4CEA12AEB40B600C5D937 /* Exercise7_Rao_Arjun Watch AppUITests */ = {
			isa = PBXNativeTarget;
			buildConfigurationList = 8EF4CEB62AEB40B600C5D937 /* Build configuration list for PBXNativeTarget "Exercise7_Rao_Arjun Watch AppUITests" */;
			buildPhases = (
				8EF4CE9E2AEB40B600C5D937 /* Sources */,
				8EF4CE9F2AEB40B600C5D937 /* Frameworks */,
				8EF4CEA02AEB40B600C5D937 /* Resources */,
			);
			buildRules = (
			);
			dependencies = (
				8EF4CEA42AEB40B600C5D937 /* PBXTargetDependency */,
			);
			name = "Exercise7_Rao_Arjun Watch AppUITests";
			productName = "Exercise7_Rao_Arjun Watch AppUITests";
			productReference = 8EF4CEA22AEB40B600C5D937 /* Exercise7_Rao_Arjun Watch AppUITests.xctest */;
			productType = "com.apple.product-type.bundle.ui-testing";
		};
/* End PBXNativeTarget section */

/* Begin PBXProject section */
		8EF4CE7A2AEB40B500C5D937 /* Project object */ = {
			isa = PBXProject;
			attributes = {
				BuildIndependentTargetsInParallel = 1;
				LastSwiftUpdateCheck = 1500;
				LastUpgradeCheck = 1500;
				TargetAttributes = {
					8EF4CE7F2AEB40B500C5D937 = {
						CreatedOnToolsVersion = 15.0;
					};
					8EF4CE852AEB40B500C5D937 = {
						CreatedOnToolsVersion = 15.0;
					};
					8EF4CE972AEB40B600C5D937 = {
						CreatedOnToolsVersion = 15.0;
						TestTargetID = 8EF4CE852AEB40B500C5D937;
					};
					8EF4CEA12AEB40B600C5D937 = {
						CreatedOnToolsVersion = 15.0;
						TestTargetID = 8EF4CE852AEB40B500C5D937;
					};
				};
			};
			buildConfigurationList = 8EF4CE7D2AEB40B500C5D937 /* Build configuration list for PBXProject "Exercise7_Rao_Arjun" */;
			compatibilityVersion = "Xcode 14.0";
			developmentRegion = en;
			hasScannedForEncodings = 0;
			knownRegions = (
				en,
				Base,
			);
			mainGroup = 8EF4CE792AEB40B500C5D937;
			productRefGroup = 8EF4CE812AEB40B500C5D937 /* Products */;
			projectDirPath = "";
			projectRoot = "";
			targets = (
				8EF4CE7F2AEB40B500C5D937 /* Exercise7_Rao_Arjun */,
				8EF4CE852AEB40B500C5D937 /* Exercise7_Rao_Arjun Watch App */,
				8EF4CE972AEB40B600C5D937 /* Exercise7_Rao_Arjun Watch AppTests */,
				8EF4CEA12AEB40B600C5D937 /* Exercise7_Rao_Arjun Watch AppUITests */,
			);
		};
/* End PBXProject section */

/* Begin PBXResourcesBuildPhase section */
		8EF4CE7E2AEB40B500C5D937 /* Resources */ = {
			isa = PBXResourcesBuildPhase;
			buildActionMask = 2147483647;
			files = (
			);
			runOnlyForDeploymentPostprocessing = 0;
		};
		8EF4CE842AEB40B500C5D937 /* Resources */ = {
			isa = PBXResourcesBuildPhase;
			buildActionMask = 2147483647;
			files = (
				8EF4CE932AEB40B600C5D937 /* Preview Assets.xcassets in Resources */,
				8EF4CE902AEB40B600C5D937 /* Assets.xcassets in Resources */,
			);
			runOnlyForDeploymentPostprocessing = 0;
		};
		8EF4CE962AEB40B600C5D937 /* Resources */ = {
			isa = PBXResourcesBuildPhase;
			buildActionMask = 2147483647;
			files = (
			);
			runOnlyForDeploymentPostprocessing = 0;
		};
		8EF4CEA02AEB40B600C5D937 /* Resources */ = {
			isa = PBXResourcesBuildPhase;
			buildActionMask = 2147483647;
			files = (
			);
			runOnlyForDeploymentPostprocessing = 0;
		};
/* End PBXResourcesBuildPhase section */

/* Begin PBXSourcesBuildPhase section */
		8EF4CE822AEB40B500C5D937 /* Sources */ = {
			isa = PBXSourcesBuildPhase;
			buildActionMask = 2147483647;
			files = (
				8EF4CE8E2AEB40B500C5D937 /* ContentView.swift in Sources */,
				8EF4CE8C2AEB40B500C5D937 /* Exercise7_Rao_ArjunApp.swift in Sources */,
			);
			runOnlyForDeploymentPostprocessing = 0;
		};
		8EF4CE942AEB40B600C5D937 /* Sources */ = {
			isa = PBXSourcesBuildPhase;
			buildActionMask = 2147483647;
			files = (
				8EF4CE9D2AEB40B600C5D937 /* Exercise7_Rao_Arjun_Watch_AppTests.swift in Sources */,
			);
			runOnlyForDeploymentPostprocessing = 0;
		};
		8EF4CE9E2AEB40B600C5D937 /* Sources */ = {
			isa = PBXSourcesBuildPhase;
			buildActionMask = 2147483647;
			files = (
				8EF4CEA92AEB40B600C5D937 /* Exercise7_Rao_Arjun_Watch_AppUITestsLaunchTests.swift in Sources */,
				8EF4CEA72AEB40B600C5D937 /* Exercise7_Rao_Arjun_Watch_AppUITests.swift in Sources */,
			);
			runOnlyForDeploymentPostprocessing = 0;
		};
/* End PBXSourcesBuildPhase section */

/* Begin PBXTargetDependency section */
		8EF4CE892AEB40B500C5D937 /* PBXTargetDependency */ = {
			isa = PBXTargetDependency;
			target = 8EF4CE852AEB40B500C5D937 /* Exercise7_Rao_Arjun Watch App */;
			targetProxy = 8EF4CE882AEB40B500C5D937 /* PBXContainerItemProxy */;
		};
		8EF4CE9A2AEB40B600C5D937 /* PBXTargetDependency */ = {
			isa = PBXTargetDependency;
			target = 8EF4CE852AEB40B500C5D937 /* Exercise7_Rao_Arjun Watch App */;
			targetProxy = 8EF4CE992AEB40B600C5D937 /* PBXContainerItemProxy */;
		};
		8EF4CEA42AEB40B600C5D937 /* PBXTargetDependency */ = {
			isa = PBXTargetDependency;
			target = 8EF4CE852AEB40B500C5D937 /* Exercise7_Rao_Arjun Watch App */;
			targetProxy = 8EF4CEA32AEB40B600C5D937 /* PBXContainerItemProxy */;
		};
/* End PBXTargetDependency section */

/* Begin XCBuildConfiguration section */
		8EF4CEAA2AEB40B600C5D937 /* Debug */ = {
			isa = XCBuildConfiguration;
			buildSettings = {
				ALWAYS_SEARCH_USER_PATHS = NO;
				ASSETCATALOG_COMPILER_GENERATE_SWIFT_ASSET_SYMBOL_EXTENSIONS = YES;
				CLANG_ANALYZER_NONNULL = YES;
				CLANG_ANALYZER_NUMBER_OBJECT_CONVERSION = YES_AGGRESSIVE;
				CLANG_CXX_LANGUAGE_STANDARD = "gnu++20";
				CLANG_ENABLE_MODULES = YES;
				CLANG_ENABLE_OBJC_ARC = YES;
				CLANG_ENABLE_OBJC_WEAK = YES;
				CLANG_WARN_BLOCK_CAPTURE_AUTORELEASING = YES;
				CLANG_WARN_BOOL_CONVERSION = YES;
				CLANG_WARN_COMMA = YES;
				CLANG_WARN_CONSTANT_CONVERSION = YES;
				CLANG_WARN_DEPRECATED_OBJC_IMPLEMENTATIONS = YES;
				CLANG_WARN_DIRECT_OBJC_ISA_USAGE = YES_ERROR;
				CLANG_WARN_DOCUMENTATION_COMMENTS = YES;
				CLANG_WARN_EMPTY_BODY = YES;
				CLANG_WARN_ENUM_CONVERSION = YES;
				CLANG_WARN_INFINITE_RECURSION = YES;
				CLANG_WARN_INT_CONVERSION = YES;
				CLANG_WARN_NON_LITERAL_NULL_CONVERSION = YES;
				CLANG_WARN_OBJC_IMPLICIT_RETAIN_SELF = YES;
				CLANG_WARN_OBJC_LITERAL_CONVERSION = YES;
				CLANG_WARN_OBJC_ROOT_CLASS = YES_ERROR;
				CLANG_WARN_QUOTED_INCLUDE_IN_FRAMEWORK_HEADER = YES;
				CLANG_WARN_RANGE_LOOP_ANALYSIS = YES;
				CLANG_WARN_STRICT_PROTOTYPES = YES;
				CLANG_WARN_SUSPICIOUS_MOVE = YES;
				CLANG_WARN_UNGUARDED_AVAILABILITY = YES_AGGRESSIVE;
				CLANG_WARN_UNREACHABLE_CODE = YES;
				CLANG_WARN__DUPLICATE_METHOD_MATCH = YES;
				COPY_PHASE_STRIP = NO;
				DEBUG_INFORMATION_FORMAT = dwarf;
				ENABLE_STRICT_OBJC_MSGSEND = YES;
				ENABLE_TESTABILITY = YES;
				ENABLE_USER_SCRIPT_SANDBOXING = YES;
				GCC_C_LANGUAGE_STANDARD = gnu17;
				GCC_DYNAMIC_NO_PIC = NO;
				GCC_NO_COMMON_BLOCKS = YES;
				GCC_OPTIMIZATION_LEVEL = 0;
				GCC_PREPROCESSOR_DEFINITIONS = (
					"DEBUG=1",
					"$(inherited)",
				);
				GCC_WARN_64_TO_32_BIT_CONVERSION = YES;
				GCC_WARN_ABOUT_RETURN_TYPE = YES_ERROR;
				GCC_WARN_UNDECLARED_SELECTOR = YES;
				GCC_WARN_UNINITIALIZED_AUTOS = YES_AGGRESSIVE;
				GCC_WARN_UNUSED_FUNCTION = YES;
				GCC_WARN_UNUSED_VARIABLE = YES;
				LOCALIZATION_PREFERS_STRING_CATALOGS = YES;
				MTL_ENABLE_DEBUG_INFO = INCLUDE_SOURCE;
				MTL_FAST_MATH = YES;
				ONLY_ACTIVE_ARCH = YES;
				SWIFT_ACTIVE_COMPILATION_CONDITIONS = "DEBUG $(inherited)";
				SWIFT_OPTIMIZATION_LEVEL = "-Onone";
			};
			name = Debug;
		};
		8EF4CEAB2AEB40B600C5D937 /* Release */ = {
			isa = XCBuildConfiguration;
			buildSettings = {
				ALWAYS_SEARCH_USER_PATHS = NO;
				ASSETCATALOG_COMPILER_GENERATE_SWIFT_ASSET_SYMBOL_EXTENSIONS = YES;
				CLANG_ANALYZER_NONNULL = YES;
				CLANG_ANALYZER_NUMBER_OBJECT_CONVERSION = YES_AGGRESSIVE;
				CLANG_CXX_LANGUAGE_STANDARD = "gnu++20";
				CLANG_ENABLE_MODULES = YES;
				CLANG_ENABLE_OBJC_ARC = YES;
				CLANG_ENABLE_OBJC_WEAK = YES;
				CLANG_WARN_BLOCK_CAPTURE_AUTORELEASING = YES;
				CLANG_WARN_BOOL_CONVERSION = YES;
				CLANG_WARN_COMMA = YES;
				CLANG_WARN_CONSTANT_CONVERSION = YES;
				CLANG_WARN_DEPRECATED_OBJC_IMPLEMENTATIONS = YES;
				CLANG_WARN_DIRECT_OBJC_ISA_USAGE = YES_ERROR;
				CLANG_WARN_DOCUMENTATION_COMMENTS = YES;
				CLANG_WARN_EMPTY_BODY = YES;
				CLANG_WARN_ENUM_CONVERSION = YES;
				CLANG_WARN_INFINITE_RECURSION = YES;
				CLANG_WARN_INT_CONVERSION = YES;
				CLANG_WARN_NON_LITERAL_NULL_CONVERSION = YES;
				CLANG_WARN_OBJC_IMPLICIT_RETAIN_SELF = YES;
				CLANG_WARN_OBJC_LITERAL_CONVERSION = YES;
				CLANG_WARN_OBJC_ROOT_CLASS = YES_ERROR;
				CLANG_WARN_QUOTED_INCLUDE_IN_FRAMEWORK_HEADER = YES;
				CLANG_WARN_RANGE_LOOP_ANALYSIS = YES;
				CLANG_WARN_STRICT_PROTOTYPES = YES;
				CLANG_WARN_SUSPICIOUS_MOVE = YES;
				CLANG_WARN_UNGUARDED_AVAILABILITY = YES_AGGRESSIVE;
				CLANG_WARN_UNREACHABLE_CODE = YES;
				CLANG_WARN__DUPLICATE_METHOD_MATCH = YES;
				COPY_PHASE_STRIP = NO;
				DEBUG_INFORMATION_FORMAT = "dwarf-with-dsym";
				ENABLE_NS_ASSERTIONS = NO;
				ENABLE_STRICT_OBJC_MSGSEND = YES;
				ENABLE_USER_SCRIPT_SANDBOXING = YES;
				GCC_C_LANGUAGE_STANDARD = gnu17;
				GCC_NO_COMMON_BLOCKS = YES;
				GCC_WARN_64_TO_32_BIT_CONVERSION = YES;
				GCC_WARN_ABOUT_RETURN_TYPE = YES_ERROR;
				GCC_WARN_UNDECLARED_SELECTOR = YES;
				GCC_WARN_UNINITIALIZED_AUTOS = YES_AGGRESSIVE;
				GCC_WARN_UNUSED_FUNCTION = YES;
				GCC_WARN_UNUSED_VARIABLE = YES;
				LOCALIZATION_PREFERS_STRING_CATALOGS = YES;
				MTL_ENABLE_DEBUG_INFO = NO;
				MTL_FAST_MATH = YES;
				SWIFT_COMPILATION_MODE = wholemodule;
			};
			name = Release;
		};
		8EF4CEAD2AEB40B600C5D937 /* Debug */ = {
			isa = XCBuildConfiguration;
			buildSettings = {
				ASSETCATALOG_COMPILER_APPICON_NAME = AppIcon;
				ASSETCATALOG_COMPILER_GLOBAL_ACCENT_COLOR_NAME = AccentColor;
				CODE_SIGN_ENTITLEMENTS = "Exercise7_Rao_Arjun Watch App/Exercise7_Rao_Arjun Watch App.entitlements";
				CODE_SIGN_STYLE = Automatic;
				CURRENT_PROJECT_VERSION = 1;
				DEVELOPMENT_ASSET_PATHS = "\"Exercise7_Rao_Arjun Watch App/Preview Content\"";
				DEVELOPMENT_TEAM = T4N5DJNTV9;
				ENABLE_PREVIEWS = YES;
				GENERATE_INFOPLIST_FILE = YES;
				INFOPLIST_FILE = "Exercise7-Rao-Arjun-Watch-App-Info.plist";
				INFOPLIST_KEY_CFBundleDisplayName = Exercise7_Rao_Arjun;
				INFOPLIST_KEY_UISupportedInterfaceOrientations = "UIInterfaceOrientationPortrait UIInterfaceOrientationPortraitUpsideDown";
				INFOPLIST_KEY_WKWatchOnly = YES;
				LD_RUNPATH_SEARCH_PATHS = (
					"$(inherited)",
					"@executable_path/Frameworks",
				);
				MARKETING_VERSION = 1.0;
				NEW_SETTING = "";
				PRODUCT_BUNDLE_IDENTIFIER = "UH.Exercise7-Rao-Arjun.watchkitapp";
				PRODUCT_NAME = "$(TARGET_NAME)";
				SDKROOT = watchos;
				SKIP_INSTALL = YES;
				SWIFT_EMIT_LOC_STRINGS = YES;
				SWIFT_VERSION = 5.0;
				TARGETED_DEVICE_FAMILY = 4;
				WATCHOS_DEPLOYMENT_TARGET = 10.0;
			};
			name = Debug;
		};
		8EF4CEAE2AEB40B600C5D937 /* Release */ = {
			isa = XCBuildConfiguration;
			buildSettings = {
				ASSETCATALOG_COMPILER_APPICON_NAME = AppIcon;
				ASSETCATALOG_COMPILER_GLOBAL_ACCENT_COLOR_NAME = AccentColor;
				CODE_SIGN_ENTITLEMENTS = "Exercise7_Rao_Arjun Watch App/Exercise7_Rao_Arjun Watch App.entitlements";
				CODE_SIGN_STYLE = Automatic;
				CURRENT_PROJECT_VERSION = 1;
				DEVELOPMENT_ASSET_PATHS = "\"Exercise7_Rao_Arjun Watch App/Preview Content\"";
				DEVELOPMENT_TEAM = T4N5DJNTV9;
				ENABLE_PREVIEWS = YES;
				GENERATE_INFOPLIST_FILE = YES;
				INFOPLIST_FILE = "Exercise7-Rao-Arjun-Watch-App-Info.plist";
				INFOPLIST_KEY_CFBundleDisplayName = Exercise7_Rao_Arjun;
				INFOPLIST_KEY_UISupportedInterfaceOrientations = "UIInterfaceOrientationPortrait UIInterfaceOrientationPortraitUpsideDown";
				INFOPLIST_KEY_WKWatchOnly = YES;
				LD_RUNPATH_SEARCH_PATHS = (
					"$(inherited)",
					"@executable_path/Frameworks",
				);
				MARKETING_VERSION = 1.0;
				NEW_SETTING = "";
				PRODUCT_BUNDLE_IDENTIFIER = "UH.Exercise7-Rao-Arjun.watchkitapp";
				PRODUCT_NAME = "$(TARGET_NAME)";
				SDKROOT = watchos;
				SKIP_INSTALL = YES;
				SWIFT_EMIT_LOC_STRINGS = YES;
				SWIFT_VERSION = 5.0;
				TARGETED_DEVICE_FAMILY = 4;
				VALIDATE_PRODUCT = YES;
				WATCHOS_DEPLOYMENT_TARGET = 10.0;
			};
			name = Release;
		};
		8EF4CEB12AEB40B600C5D937 /* Debug */ = {
			isa = XCBuildConfiguration;
			buildSettings = {
				ALWAYS_EMBED_SWIFT_STANDARD_LIBRARIES = YES;
				CODE_SIGN_STYLE = Automatic;
				CURRENT_PROJECT_VERSION = 1;
				DEVELOPMENT_TEAM = T4N5DJNTV9;
				INFOPLIST_KEY_CFBundleDisplayName = Exercise7_Rao_Arjun;
				MARKETING_VERSION = 1.0;
				PRODUCT_BUNDLE_IDENTIFIER = "UH.Exercise7-Rao-Arjun";
				PRODUCT_NAME = "$(TARGET_NAME)";
				SDKROOT = iphoneos;
				SWIFT_VERSION = 5.0;
			};
			name = Debug;
		};
		8EF4CEB22AEB40B600C5D937 /* Release */ = {
			isa = XCBuildConfiguration;
			buildSettings = {
				ALWAYS_EMBED_SWIFT_STANDARD_LIBRARIES = YES;
				CODE_SIGN_STYLE = Automatic;
				CURRENT_PROJECT_VERSION = 1;
				DEVELOPMENT_TEAM = T4N5DJNTV9;
				INFOPLIST_KEY_CFBundleDisplayName = Exercise7_Rao_Arjun;
				MARKETING_VERSION = 1.0;
				PRODUCT_BUNDLE_IDENTIFIER = "UH.Exercise7-Rao-Arjun";
				PRODUCT_NAME = "$(TARGET_NAME)";
				SDKROOT = iphoneos;
				SWIFT_VERSION = 5.0;
				VALIDATE_PRODUCT = YES;
			};
			name = Release;
		};
		8EF4CEB42AEB40B600C5D937 /* Debug */ = {
			isa = XCBuildConfiguration;
			buildSettings = {
				ALWAYS_EMBED_SWIFT_STANDARD_LIBRARIES = YES;
				BUNDLE_LOADER = "$(TEST_HOST)";
				CODE_SIGN_STYLE = Automatic;
				CURRENT_PROJECT_VERSION = 1;
				GENERATE_INFOPLIST_FILE = YES;
				MARKETING_VERSION = 1.0;
				PRODUCT_BUNDLE_IDENTIFIER = "UH.Exercise7-Rao-Arjun-Watch-AppTests";
				PRODUCT_NAME = "$(TARGET_NAME)";
				SDKROOT = watchos;
				SWIFT_EMIT_LOC_STRINGS = NO;
				SWIFT_VERSION = 5.0;
				TARGETED_DEVICE_FAMILY = 4;
				TEST_HOST = "$(BUILT_PRODUCTS_DIR)/Exercise7_Rao_Arjun Watch App.app/$(BUNDLE_EXECUTABLE_FOLDER_PATH)/Exercise7_Rao_Arjun Watch App";
				WATCHOS_DEPLOYMENT_TARGET = 10.0;
			};
			name = Debug;
		};
		8EF4CEB52AEB40B600C5D937 /* Release */ = {
			isa = XCBuildConfiguration;
			buildSettings = {
				ALWAYS_EMBED_SWIFT_STANDARD_LIBRARIES = YES;
				BUNDLE_LOADER = "$(TEST_HOST)";
				CODE_SIGN_STYLE = Automatic;
				CURRENT_PROJECT_VERSION = 1;
				GENERATE_INFOPLIST_FILE = YES;
				MARKETING_VERSION = 1.0;
				PRODUCT_BUNDLE_IDENTIFIER = "UH.Exercise7-Rao-Arjun-Watch-AppTests";
				PRODUCT_NAME = "$(TARGET_NAME)";
				SDKROOT = watchos;
				SWIFT_EMIT_LOC_STRINGS = NO;
				SWIFT_VERSION = 5.0;
				TARGETED_DEVICE_FAMILY = 4;
				TEST_HOST = "$(BUILT_PRODUCTS_DIR)/Exercise7_Rao_Arjun Watch App.app/$(BUNDLE_EXECUTABLE_FOLDER_PATH)/Exercise7_Rao_Arjun Watch App";
				VALIDATE_PRODUCT = YES;
				WATCHOS_DEPLOYMENT_TARGET = 10.0;
			};
			name = Release;
		};
		8EF4CEB72AEB40B600C5D937 /* Debug */ = {
			isa = XCBuildConfiguration;
			buildSettings = {
				ALWAYS_EMBED_SWIFT_STANDARD_LIBRARIES = YES;
				CODE_SIGN_STYLE = Automatic;
				CURRENT_PROJECT_VERSION = 1;
				GENERATE_INFOPLIST_FILE = YES;
				MARKETING_VERSION = 1.0;
				PRODUCT_BUNDLE_IDENTIFIER = "UH.Exercise7-Rao-Arjun-Watch-AppUITests";
				PRODUCT_NAME = "$(TARGET_NAME)";
				SDKROOT = watchos;
				SWIFT_EMIT_LOC_STRINGS = NO;
				SWIFT_VERSION = 5.0;
				TARGETED_DEVICE_FAMILY = 4;
				TEST_TARGET_NAME = "Exercise7_Rao_Arjun Watch App";
				WATCHOS_DEPLOYMENT_TARGET = 10.0;
			};
			name = Debug;
		};
		8EF4CEB82AEB40B600C5D937 /* Release */ = {
			isa = XCBuildConfiguration;
			buildSettings = {
				ALWAYS_EMBED_SWIFT_STANDARD_LIBRARIES = YES;
				CODE_SIGN_STYLE = Automatic;
				CURRENT_PROJECT_VERSION = 1;
				GENERATE_INFOPLIST_FILE = YES;
				MARKETING_VERSION = 1.0;
				PRODUCT_BUNDLE_IDENTIFIER = "UH.Exercise7-Rao-Arjun-Watch-AppUITests";
				PRODUCT_NAME = "$(TARGET_NAME)";
				SDKROOT = watchos;
				SWIFT_EMIT_LOC_STRINGS = NO;
				SWIFT_VERSION = 5.0;
				TARGETED_DEVICE_FAMILY = 4;
				TEST_TARGET_NAME = "Exercise7_Rao_Arjun Watch App";
				VALIDATE_PRODUCT = YES;
				WATCHOS_DEPLOYMENT_TARGET = 10.0;
			};
			name = Release;
		};
/* End XCBuildConfiguration section */

/* Begin XCConfigurationList section */
		8EF4CE7D2AEB40B500C5D937 /* Build configuration list for PBXProject "Exercise7_Rao_Arjun" */ = {
			isa = XCConfigurationList;
			buildConfigurations = (
				8EF4CEAA2AEB40B600C5D937 /* Debug */,
				8EF4CEAB2AEB40B600C5D937 /* Release */,
			);
			defaultConfigurationIsVisible = 0;
			defaultConfigurationName = Release;
		};
		8EF4CEAC2AEB40B600C5D937 /* Build configuration list for PBXNativeTarget "Exercise7_Rao_Arjun Watch App" */ = {
			isa = XCConfigurationList;
			buildConfigurations = (
				8EF4CEAD2AEB40B600C5D937 /* Debug */,
				8EF4CEAE2AEB40B600C5D937 /* Release */,
			);
			defaultConfigurationIsVisible = 0;
			defaultConfigurationName = Release;
		};
		8EF4CEB02AEB40B600C5D937 /* Build configuration list for PBXNativeTarget "Exercise7_Rao_Arjun" */ = {
			isa = XCConfigurationList;
			buildConfigurations = (
				8EF4CEB12AEB40B600C5D937 /* Debug */,
				8EF4CEB22AEB40B600C5D937 /* Release */,
			);
			defaultConfigurationIsVisible = 0;
			defaultConfigurationName = Release;
		};
		8EF4CEB32AEB40B600C5D937 /* Build configuration list for PBXNativeTarget "Exercise7_Rao_Arjun Watch AppTests" */ = {
			isa = XCConfigurationList;
			buildConfigurations = (
				8EF4CEB42AEB40B600C5D937 /* Debug */,
				8EF4CEB52AEB40B600C5D937 /* Release */,
			);
			defaultConfigurationIsVisible = 0;
			defaultConfigurationName = Release;
		};
		8EF4CEB62AEB40B600C5D937 /* Build configuration list for PBXNativeTarget "Exercise7_Rao_Arjun Watch AppUITests" */ = {
			isa = XCConfigurationList;
			buildConfigurations = (
				8EF4CEB72AEB40B600C5D937 /* Debug */,
				8EF4CEB82AEB40B600C5D937 /* Release */,
			);
			defaultConfigurationIsVisible = 0;
			defaultConfigurationName = Release;
		};
/* End XCConfigurationList section */
	};
	rootObject = 8EF4CE7A2AEB40B500C5D937 /* Project object */;
}
