// !$*UTF8*$!
{
	archiveVersion = 1;
	classes = {
	};
	objectVersion = 56;
	objects = {

/* Begin PBXBuildFile section */
		8E26C84E2ADC758800BD8512 /* SplashView.swift in Sources */ = {isa = PBXBuildFile; fileRef = 8E26C84D2ADC758800BD8512 /* SplashView.swift */; };
		8E300FBB2AD9A5DE00289FB9 /* Exercise6_Rao_ArjunApp.swift in Sources */ = {isa = PBXBuildFile; fileRef = 8E300FBA2AD9A5DE00289FB9 /* Exercise6_Rao_ArjunApp.swift */; };
		8E300FBD2AD9A5DE00289FB9 /* ContentView.swift in Sources */ = {isa = PBXBuildFile; fileRef = 8E300FBC2AD9A5DE00289FB9 /* ContentView.swift */; };
		8E300FBF2AD9A5DF00289FB9 /* Assets.xcassets in Resources */ = {isa = PBXBuildFile; fileRef = 8E300FBE2AD9A5DF00289FB9 /* Assets.xcassets */; };
		8E300FC22AD9A5DF00289FB9 /* Preview Assets.xcassets in Resources */ = {isa = PBXBuildFile; fileRef = 8E300FC12AD9A5DF00289FB9 /* Preview Assets.xcassets */; };
		8E300FCC2AD9A5DF00289FB9 /* Exercise6_Rao_ArjunTests.swift in Sources */ = {isa = PBXBuildFile; fileRef = 8E300FCB2AD9A5DF00289FB9 /* Exercise6_Rao_ArjunTests.swift */; };
		8E300FD62AD9A5DF00289FB9 /* Exercise6_Rao_ArjunUITests.swift in Sources */ = {isa = PBXBuildFile; fileRef = 8E300FD52AD9A5DF00289FB9 /* Exercise6_Rao_ArjunUITests.swift */; };
		8E300FD82AD9A5DF00289FB9 /* Exercise6_Rao_ArjunUITestsLaunchTests.swift in Sources */ = {isa = PBXBuildFile; fileRef = 8E300FD72AD9A5DF00289FB9 /* Exercise6_Rao_ArjunUITestsLaunchTests.swift */; };
/* End PBXBuildFile section */

/* Begin PBXContainerItemProxy section */
		8E300FC82AD9A5DF00289FB9 /* PBXContainerItemProxy */ = {
			isa = PBXContainerItemProxy;
			containerPortal = 8E300FAF2AD9A5DE00289FB9 /* Project object */;
			proxyType = 1;
			remoteGlobalIDString = 8E300FB62AD9A5DE00289FB9;
			remoteInfo = Exercise6_Rao_Arjun;
		};
		8E300FD22AD9A5DF00289FB9 /* PBXContainerItemProxy */ = {
			isa = PBXContainerItemProxy;
			containerPortal = 8E300FAF2AD9A5DE00289FB9 /* Project object */;
			proxyType = 1;
			remoteGlobalIDString = 8E300FB62AD9A5DE00289FB9;
			remoteInfo = Exercise6_Rao_Arjun;
		};
/* End PBXContainerItemProxy section */

/* Begin PBXFileReference section */
		8E26C84D2ADC758800BD8512 /* SplashView.swift */ = {isa = PBXFileReference; lastKnownFileType = sourcecode.swift; path = SplashView.swift; sourceTree = "<group>"; };
		8E300FB72AD9A5DE00289FB9 /* Exercise6_Rao_Arjun.app */ = {isa = PBXFileReference; explicitFileType = wrapper.application; includeInIndex = 0; path = Exercise6_Rao_Arjun.app; sourceTree = BUILT_PRODUCTS_DIR; };
		8E300FBA2AD9A5DE00289FB9 /* Exercise6_Rao_ArjunApp.swift */ = {isa = PBXFileReference; lastKnownFileType = sourcecode.swift; path = Exercise6_Rao_ArjunApp.swift; sourceTree = "<group>"; };
		8E300FBC2AD9A5DE00289FB9 /* ContentView.swift */ = {isa = PBXFileReference; lastKnownFileType = sourcecode.swift; path = ContentView.swift; sourceTree = "<group>"; };
		8E300FBE2AD9A5DF00289FB9 /* Assets.xcassets */ = {isa = PBXFileReference; lastKnownFileType = folder.assetcatalog; path = Assets.xcassets; sourceTree = "<group>"; };
		8E300FC12AD9A5DF00289FB9 /* Preview Assets.xcassets */ = {isa = PBXFileReference; lastKnownFileType = folder.assetcatalog; path = "Preview Assets.xcassets"; sourceTree = "<group>"; };
		8E300FC72AD9A5DF00289FB9 /* Exercise6_Rao_ArjunTests.xctest */ = {isa = PBXFileReference; explicitFileType = wrapper.cfbundle; includeInIndex = 0; path = Exercise6_Rao_ArjunTests.xctest; sourceTree = BUILT_PRODUCTS_DIR; };
		8E300FCB2AD9A5DF00289FB9 /* Exercise6_Rao_ArjunTests.swift */ = {isa = PBXFileReference; lastKnownFileType = sourcecode.swift; path = Exercise6_Rao_ArjunTests.swift; sourceTree = "<group>"; };
		8E300FD12AD9A5DF00289FB9 /* Exercise6_Rao_ArjunUITests.xctest */ = {isa = PBXFileReference; explicitFileType = wrapper.cfbundle; includeInIndex = 0; path = Exercise6_Rao_ArjunUITests.xctest; sourceTree = BUILT_PRODUCTS_DIR; };
		8E300FD52AD9A5DF00289FB9 /* Exercise6_Rao_ArjunUITests.swift */ = {isa = PBXFileReference; lastKnownFileType = sourcecode.swift; path = Exercise6_Rao_ArjunUITests.swift; sourceTree = "<group>"; };
		8E300FD72AD9A5DF00289FB9 /* Exercise6_Rao_ArjunUITestsLaunchTests.swift */ = {isa = PBXFileReference; lastKnownFileType = sourcecode.swift; path = Exercise6_Rao_ArjunUITestsLaunchTests.swift; sourceTree = "<group>"; };
/* End PBXFileReference section */

/* Begin PBXFrameworksBuildPhase section */
		8E300FB42AD9A5DE00289FB9 /* Frameworks */ = {
			isa = PBXFrameworksBuildPhase;
			buildActionMask = 2147483647;
			files = (
			);
			runOnlyForDeploymentPostprocessing = 0;
		};
		8E300FC42AD9A5DF00289FB9 /* Frameworks */ = {
			isa = PBXFrameworksBuildPhase;
			buildActionMask = 2147483647;
			files = (
			);
			runOnlyForDeploymentPostprocessing = 0;
		};
		8E300FCE2AD9A5DF00289FB9 /* Frameworks */ = {
			isa = PBXFrameworksBuildPhase;
			buildActionMask = 2147483647;
			files = (
			);
			runOnlyForDeploymentPostprocessing = 0;
		};
/* End PBXFrameworksBuildPhase section */

/* Begin PBXGroup section */
		8E300FAE2AD9A5DE00289FB9 = {
			isa = PBXGroup;
			children = (
				8E300FB92AD9A5DE00289FB9 /* Exercise6_Rao_Arjun */,
				8E300FCA2AD9A5DF00289FB9 /* Exercise6_Rao_ArjunTests */,
				8E300FD42AD9A5DF00289FB9 /* Exercise6_Rao_ArjunUITests */,
				8E300FB82AD9A5DE00289FB9 /* Products */,
			);
			sourceTree = "<group>";
		};
		8E300FB82AD9A5DE00289FB9 /* Products */ = {
			isa = PBXGroup;
			children = (
				8E300FB72AD9A5DE00289FB9 /* Exercise6_Rao_Arjun.app */,
				8E300FC72AD9A5DF00289FB9 /* Exercise6_Rao_ArjunTests.xctest */,
				8E300FD12AD9A5DF00289FB9 /* Exercise6_Rao_ArjunUITests.xctest */,
			);
			name = Products;
			sourceTree = "<group>";
		};
		8E300FB92AD9A5DE00289FB9 /* Exercise6_Rao_Arjun */ = {
			isa = PBXGroup;
			children = (
				8E300FBA2AD9A5DE00289FB9 /* Exercise6_Rao_ArjunApp.swift */,
				8E26C84D2ADC758800BD8512 /* SplashView.swift */,
				8E300FBC2AD9A5DE00289FB9 /* ContentView.swift */,
				8E300FBE2AD9A5DF00289FB9 /* Assets.xcassets */,
				8E300FC02AD9A5DF00289FB9 /* Preview Content */,
			);
			path = Exercise6_Rao_Arjun;
			sourceTree = "<group>";
		};
		8E300FC02AD9A5DF00289FB9 /* Preview Content */ = {
			isa = PBXGroup;
			children = (
				8E300FC12AD9A5DF00289FB9 /* Preview Assets.xcassets */,
			);
			path = "Preview Content";
			sourceTree = "<group>";
		};
		8E300FCA2AD9A5DF00289FB9 /* Exercise6_Rao_ArjunTests */ = {
			isa = PBXGroup;
			children = (
				8E300FCB2AD9A5DF00289FB9 /* Exercise6_Rao_ArjunTests.swift */,
			);
			path = Exercise6_Rao_ArjunTests;
			sourceTree = "<group>";
		};
		8E300FD42AD9A5DF00289FB9 /* Exercise6_Rao_ArjunUITests */ = {
			isa = PBXGroup;
			children = (
				8E300FD52AD9A5DF00289FB9 /* Exercise6_Rao_ArjunUITests.swift */,
				8E300FD72AD9A5DF00289FB9 /* Exercise6_Rao_ArjunUITestsLaunchTests.swift */,
			);
			path = Exercise6_Rao_ArjunUITests;
			sourceTree = "<group>";
		};
/* End PBXGroup section */

/* Begin PBXNativeTarget section */
		8E300FB62AD9A5DE00289FB9 /* Exercise6_Rao_Arjun */ = {
			isa = PBXNativeTarget;
			buildConfigurationList = 8E300FDB2AD9A5DF00289FB9 /* Build configuration list for PBXNativeTarget "Exercise6_Rao_Arjun" */;
			buildPhases = (
				8E300FB32AD9A5DE00289FB9 /* Sources */,
				8E300FB42AD9A5DE00289FB9 /* Frameworks */,
				8E300FB52AD9A5DE00289FB9 /* Resources */,
			);
			buildRules = (
			);
			dependencies = (
			);
			name = Exercise6_Rao_Arjun;
			productName = Exercise6_Rao_Arjun;
			productReference = 8E300FB72AD9A5DE00289FB9 /* Exercise6_Rao_Arjun.app */;
			productType = "com.apple.product-type.application";
		};
		8E300FC62AD9A5DF00289FB9 /* Exercise6_Rao_ArjunTests */ = {
			isa = PBXNativeTarget;
			buildConfigurationList = 8E300FDE2AD9A5DF00289FB9 /* Build configuration list for PBXNativeTarget "Exercise6_Rao_ArjunTests" */;
			buildPhases = (
				8E300FC32AD9A5DF00289FB9 /* Sources */,
				8E300FC42AD9A5DF00289FB9 /* Frameworks */,
				8E300FC52AD9A5DF00289FB9 /* Resources */,
			);
			buildRules = (
			);
			dependencies = (
				8E300FC92AD9A5DF00289FB9 /* PBXTargetDependency */,
			);
			name = Exercise6_Rao_ArjunTests;
			productName = Exercise6_Rao_ArjunTests;
			productReference = 8E300FC72AD9A5DF00289FB9 /* Exercise6_Rao_ArjunTests.xctest */;
			productType = "com.apple.product-type.bundle.unit-test";
		};
		8E300FD02AD9A5DF00289FB9 /* Exercise6_Rao_ArjunUITests */ = {
			isa = PBXNativeTarget;
			buildConfigurationList = 8E300FE12AD9A5DF00289FB9 /* Build configuration list for PBXNativeTarget "Exercise6_Rao_ArjunUITests" */;
			buildPhases = (
				8E300FCD2AD9A5DF00289FB9 /* Sources */,
				8E300FCE2AD9A5DF00289FB9 /* Frameworks */,
				8E300FCF2AD9A5DF00289FB9 /* Resources */,
			);
			buildRules = (
			);
			dependencies = (
				8E300FD32AD9A5DF00289FB9 /* PBXTargetDependency */,
			);
			name = Exercise6_Rao_ArjunUITests;
			productName = Exercise6_Rao_ArjunUITests;
			productReference = 8E300FD12AD9A5DF00289FB9 /* Exercise6_Rao_ArjunUITests.xctest */;
			productType = "com.apple.product-type.bundle.ui-testing";
		};
/* End PBXNativeTarget section */

/* Begin PBXProject section */
		8E300FAF2AD9A5DE00289FB9 /* Project object */ = {
			isa = PBXProject;
			attributes = {
				BuildIndependentTargetsInParallel = 1;
				LastSwiftUpdateCheck = 1500;
				LastUpgradeCheck = 1500;
				TargetAttributes = {
					8E300FB62AD9A5DE00289FB9 = {
						CreatedOnToolsVersion = 15.0;
					};
					8E300FC62AD9A5DF00289FB9 = {
						CreatedOnToolsVersion = 15.0;
						TestTargetID = 8E300FB62AD9A5DE00289FB9;
					};
					8E300FD02AD9A5DF00289FB9 = {
						CreatedOnToolsVersion = 15.0;
						TestTargetID = 8E300FB62AD9A5DE00289FB9;
					};
				};
			};
			buildConfigurationList = 8E300FB22AD9A5DE00289FB9 /* Build configuration list for PBXProject "Exercise6_Rao_Arjun" */;
			compatibilityVersion = "Xcode 14.0";
			developmentRegion = en;
			hasScannedForEncodings = 0;
			knownRegions = (
				en,
				Base,
			);
			mainGroup = 8E300FAE2AD9A5DE00289FB9;
			productRefGroup = 8E300FB82AD9A5DE00289FB9 /* Products */;
			projectDirPath = "";
			projectRoot = "";
			targets = (
				8E300FB62AD9A5DE00289FB9 /* Exercise6_Rao_Arjun */,
				8E300FC62AD9A5DF00289FB9 /* Exercise6_Rao_ArjunTests */,
				8E300FD02AD9A5DF00289FB9 /* Exercise6_Rao_ArjunUITests */,
			);
		};
/* End PBXProject section */

/* Begin PBXResourcesBuildPhase section */
		8E300FB52AD9A5DE00289FB9 /* Resources */ = {
			isa = PBXResourcesBuildPhase;
			buildActionMask = 2147483647;
			files = (
				8E300FC22AD9A5DF00289FB9 /* Preview Assets.xcassets in Resources */,
				8E300FBF2AD9A5DF00289FB9 /* Assets.xcassets in Resources */,
			);
			runOnlyForDeploymentPostprocessing = 0;
		};
		8E300FC52AD9A5DF00289FB9 /* Resources */ = {
			isa = PBXResourcesBuildPhase;
			buildActionMask = 2147483647;
			files = (
			);
			runOnlyForDeploymentPostprocessing = 0;
		};
		8E300FCF2AD9A5DF00289FB9 /* Resources */ = {
			isa = PBXResourcesBuildPhase;
			buildActionMask = 2147483647;
			files = (
			);
			runOnlyForDeploymentPostprocessing = 0;
		};
/* End PBXResourcesBuildPhase section */

/* Begin PBXSourcesBuildPhase section */
		8E300FB32AD9A5DE00289FB9 /* Sources */ = {
			isa = PBXSourcesBuildPhase;
			buildActionMask = 2147483647;
			files = (
				8E300FBD2AD9A5DE00289FB9 /* ContentView.swift in Sources */,
				8E300FBB2AD9A5DE00289FB9 /* Exercise6_Rao_ArjunApp.swift in Sources */,
				8E26C84E2ADC758800BD8512 /* SplashView.swift in Sources */,
			);
			runOnlyForDeploymentPostprocessing = 0;
		};
		8E300FC32AD9A5DF00289FB9 /* Sources */ = {
			isa = PBXSourcesBuildPhase;
			buildActionMask = 2147483647;
			files = (
				8E300FCC2AD9A5DF00289FB9 /* Exercise6_Rao_ArjunTests.swift in Sources */,
			);
			runOnlyForDeploymentPostprocessing = 0;
		};
		8E300FCD2AD9A5DF00289FB9 /* Sources */ = {
			isa = PBXSourcesBuildPhase;
			buildActionMask = 2147483647;
			files = (
				8E300FD62AD9A5DF00289FB9 /* Exercise6_Rao_ArjunUITests.swift in Sources */,
				8E300FD82AD9A5DF00289FB9 /* Exercise6_Rao_ArjunUITestsLaunchTests.swift in Sources */,
			);
			runOnlyForDeploymentPostprocessing = 0;
		};
/* End PBXSourcesBuildPhase section */

/* Begin PBXTargetDependency section */
		8E300FC92AD9A5DF00289FB9 /* PBXTargetDependency */ = {
			isa = PBXTargetDependency;
			target = 8E300FB62AD9A5DE00289FB9 /* Exercise6_Rao_Arjun */;
			targetProxy = 8E300FC82AD9A5DF00289FB9 /* PBXContainerItemProxy */;
		};
		8E300FD32AD9A5DF00289FB9 /* PBXTargetDependency */ = {
			isa = PBXTargetDependency;
			target = 8E300FB62AD9A5DE00289FB9 /* Exercise6_Rao_Arjun */;
			targetProxy = 8E300FD22AD9A5DF00289FB9 /* PBXContainerItemProxy */;
		};
/* End PBXTargetDependency section */

/* Begin XCBuildConfiguration section */
		8E300FD92AD9A5DF00289FB9 /* Debug */ = {
			isa = XCBuildConfiguration;
			buildSettings = {
				ALWAYS_SEARCH_USER_PATHS = NO;
				ASSETCATALOG_COMPILER_GENERATE_SWIFT_ASSET_SYMBOL_EXTENSIONS = YES;
				CLANG_ANALYZER_NONNULL = YES;
				CLANG_ANALYZER_NUMBER_OBJECT_CONVERSION = YES_AGGRESSIVE;
				CLANG_CXX_LANGUAGE_STANDARD = "gnu++20";
				CLANG_ENABLE_MODULES = YES;
				CLANG_ENABLE_OBJC_ARC = YES;
				CLANG_ENABLE_OBJC_WEAK = YES;
				CLANG_WARN_BLOCK_CAPTURE_AUTORELEASING = YES;
				CLANG_WARN_BOOL_CONVERSION = YES;
				CLANG_WARN_COMMA = YES;
				CLANG_WARN_CONSTANT_CONVERSION = YES;
				CLANG_WARN_DEPRECATED_OBJC_IMPLEMENTATIONS = YES;
				CLANG_WARN_DIRECT_OBJC_ISA_USAGE = YES_ERROR;
				CLANG_WARN_DOCUMENTATION_COMMENTS = YES;
				CLANG_WARN_EMPTY_BODY = YES;
				CLANG_WARN_ENUM_CONVERSION = YES;
				CLANG_WARN_INFINITE_RECURSION = YES;
				CLANG_WARN_INT_CONVERSION = YES;
				CLANG_WARN_NON_LITERAL_NULL_CONVERSION = YES;
				CLANG_WARN_OBJC_IMPLICIT_RETAIN_SELF = YES;
				CLANG_WARN_OBJC_LITERAL_CONVERSION = YES;
				CLANG_WARN_OBJC_ROOT_CLASS = YES_ERROR;
				CLANG_WARN_QUOTED_INCLUDE_IN_FRAMEWORK_HEADER = YES;
				CLANG_WARN_RANGE_LOOP_ANALYSIS = YES;
				CLANG_WARN_STRICT_PROTOTYPES = YES;
				CLANG_WARN_SUSPICIOUS_MOVE = YES;
				CLANG_WARN_UNGUARDED_AVAILABILITY = YES_AGGRESSIVE;
				CLANG_WARN_UNREACHABLE_CODE = YES;
				CLANG_WARN__DUPLICATE_METHOD_MATCH = YES;
				COPY_PHASE_STRIP = NO;
				DEBUG_INFORMATION_FORMAT = dwarf;
				ENABLE_STRICT_OBJC_MSGSEND = YES;
				ENABLE_TESTABILITY = YES;
				ENABLE_USER_SCRIPT_SANDBOXING = YES;
				GCC_C_LANGUAGE_STANDARD = gnu17;
				GCC_DYNAMIC_NO_PIC = NO;
				GCC_NO_COMMON_BLOCKS = YES;
				GCC_OPTIMIZATION_LEVEL = 0;
				GCC_PREPROCESSOR_DEFINITIONS = (
					"DEBUG=1",
					"$(inherited)",
				);
				GCC_WARN_64_TO_32_BIT_CONVERSION = YES;
				GCC_WARN_ABOUT_RETURN_TYPE = YES_ERROR;
				GCC_WARN_UNDECLARED_SELECTOR = YES;
				GCC_WARN_UNINITIALIZED_AUTOS = YES_AGGRESSIVE;
				GCC_WARN_UNUSED_FUNCTION = YES;
				GCC_WARN_UNUSED_VARIABLE = YES;
				IPHONEOS_DEPLOYMENT_TARGET = 17.0;
				LOCALIZATION_PREFERS_STRING_CATALOGS = YES;
				MTL_ENABLE_DEBUG_INFO = INCLUDE_SOURCE;
				MTL_FAST_MATH = YES;
				ONLY_ACTIVE_ARCH = YES;
				SDKROOT = iphoneos;
				SWIFT_ACTIVE_COMPILATION_CONDITIONS = "DEBUG $(inherited)";
				SWIFT_OPTIMIZATION_LEVEL = "-Onone";
			};
			name = Debug;
		};
		8E300FDA2AD9A5DF00289FB9 /* Release */ = {
			isa = XCBuildConfiguration;
			buildSettings = {
				ALWAYS_SEARCH_USER_PATHS = NO;
				ASSETCATALOG_COMPILER_GENERATE_SWIFT_ASSET_SYMBOL_EXTENSIONS = YES;
				CLANG_ANALYZER_NONNULL = YES;
				CLANG_ANALYZER_NUMBER_OBJECT_CONVERSION = YES_AGGRESSIVE;
				CLANG_CXX_LANGUAGE_STANDARD = "gnu++20";
				CLANG_ENABLE_MODULES = YES;
				CLANG_ENABLE_OBJC_ARC = YES;
				CLANG_ENABLE_OBJC_WEAK = YES;
				CLANG_WARN_BLOCK_CAPTURE_AUTORELEASING = YES;
				CLANG_WARN_BOOL_CONVERSION = YES;
				CLANG_WARN_COMMA = YES;
				CLANG_WARN_CONSTANT_CONVERSION = YES;
				CLANG_WARN_DEPRECATED_OBJC_IMPLEMENTATIONS = YES;
				CLANG_WARN_DIRECT_OBJC_ISA_USAGE = YES_ERROR;
				CLANG_WARN_DOCUMENTATION_COMMENTS = YES;
				CLANG_WARN_EMPTY_BODY = YES;
				CLANG_WARN_ENUM_CONVERSION = YES;
				CLANG_WARN_INFINITE_RECURSION = YES;
				CLANG_WARN_INT_CONVERSION = YES;
				CLANG_WARN_NON_LITERAL_NULL_CONVERSION = YES;
				CLANG_WARN_OBJC_IMPLICIT_RETAIN_SELF = YES;
				CLANG_WARN_OBJC_LITERAL_CONVERSION = YES;
				CLANG_WARN_OBJC_ROOT_CLASS = YES_ERROR;
				CLANG_WARN_QUOTED_INCLUDE_IN_FRAMEWORK_HEADER = YES;
				CLANG_WARN_RANGE_LOOP_ANALYSIS = YES;
				CLANG_WARN_STRICT_PROTOTYPES = YES;
				CLANG_WARN_SUSPICIOUS_MOVE = YES;
				CLANG_WARN_UNGUARDED_AVAILABILITY = YES_AGGRESSIVE;
				CLANG_WARN_UNREACHABLE_CODE = YES;
				CLANG_WARN__DUPLICATE_METHOD_MATCH = YES;
				COPY_PHASE_STRIP = NO;
				DEBUG_INFORMATION_FORMAT = "dwarf-with-dsym";
				ENABLE_NS_ASSERTIONS = NO;
				ENABLE_STRICT_OBJC_MSGSEND = YES;
				ENABLE_USER_SCRIPT_SANDBOXING = YES;
				GCC_C_LANGUAGE_STANDARD = gnu17;
				GCC_NO_COMMON_BLOCKS = YES;
				GCC_WARN_64_TO_32_BIT_CONVERSION = YES;
				GCC_WARN_ABOUT_RETURN_TYPE = YES_ERROR;
				GCC_WARN_UNDECLARED_SELECTOR = YES;
				GCC_WARN_UNINITIALIZED_AUTOS = YES_AGGRESSIVE;
				GCC_WARN_UNUSED_FUNCTION = YES;
				GCC_WARN_UNUSED_VARIABLE = YES;
				IPHONEOS_DEPLOYMENT_TARGET = 17.0;
				LOCALIZATION_PREFERS_STRING_CATALOGS = YES;
				MTL_ENABLE_DEBUG_INFO = NO;
				MTL_FAST_MATH = YES;
				SDKROOT = iphoneos;
				SWIFT_COMPILATION_MODE = wholemodule;
				VALIDATE_PRODUCT = YES;
			};
			name = Release;
		};
		8E300FDC2AD9A5DF00289FB9 /* Debug */ = {
			isa = XCBuildConfiguration;
			buildSettings = {
				ASSETCATALOG_COMPILER_APPICON_NAME = AppIcon;
				ASSETCATALOG_COMPILER_GLOBAL_ACCENT_COLOR_NAME = AccentColor;
				CODE_SIGN_STYLE = Automatic;
				CURRENT_PROJECT_VERSION = 1;
				DEVELOPMENT_ASSET_PATHS = "\"Exercise6_Rao_Arjun/Preview Content\"";
				ENABLE_PREVIEWS = YES;
				GENERATE_INFOPLIST_FILE = YES;
				INFOPLIST_KEY_UIApplicationSceneManifest_Generation = YES;
				INFOPLIST_KEY_UIApplicationSupportsIndirectInputEvents = YES;
				INFOPLIST_KEY_UILaunchScreen_Generation = YES;
				INFOPLIST_KEY_UISupportedInterfaceOrientations_iPad = "UIInterfaceOrientationPortrait UIInterfaceOrientationPortraitUpsideDown UIInterfaceOrientationLandscapeLeft UIInterfaceOrientationLandscapeRight";
				INFOPLIST_KEY_UISupportedInterfaceOrientations_iPhone = "UIInterfaceOrientationPortrait UIInterfaceOrientationLandscapeLeft UIInterfaceOrientationLandscapeRight";
				LD_RUNPATH_SEARCH_PATHS = (
					"$(inherited)",
					"@executable_path/Frameworks",
				);
				MARKETING_VERSION = 1.0;
				PRODUCT_BUNDLE_IDENTIFIER = "UH.Exercise6-Rao-Arjun";
				PRODUCT_NAME = "$(TARGET_NAME)";
				SWIFT_EMIT_LOC_STRINGS = YES;
				SWIFT_VERSION = 5.0;
				TARGETED_DEVICE_FAMILY = "1,2";
			};
			name = Debug;
		};
		8E300FDD2AD9A5DF00289FB9 /* Release */ = {
			isa = XCBuildConfiguration;
			buildSettings = {
				ASSETCATALOG_COMPILER_APPICON_NAME = AppIcon;
				ASSETCATALOG_COMPILER_GLOBAL_ACCENT_COLOR_NAME = AccentColor;
				CODE_SIGN_STYLE = Automatic;
				CURRENT_PROJECT_VERSION = 1;
				DEVELOPMENT_ASSET_PATHS = "\"Exercise6_Rao_Arjun/Preview Content\"";
				ENABLE_PREVIEWS = YES;
				GENERATE_INFOPLIST_FILE = YES;
				INFOPLIST_KEY_UIApplicationSceneManifest_Generation = YES;
				INFOPLIST_KEY_UIApplicationSupportsIndirectInputEvents = YES;
				INFOPLIST_KEY_UILaunchScreen_Generation = YES;
				INFOPLIST_KEY_UISupportedInterfaceOrientations_iPad = "UIInterfaceOrientationPortrait UIInterfaceOrientationPortraitUpsideDown UIInterfaceOrientationLandscapeLeft UIInterfaceOrientationLandscapeRight";
				INFOPLIST_KEY_UISupportedInterfaceOrientations_iPhone = "UIInterfaceOrientationPortrait UIInterfaceOrientationLandscapeLeft UIInterfaceOrientationLandscapeRight";
				LD_RUNPATH_SEARCH_PATHS = (
					"$(inherited)",
					"@executable_path/Frameworks",
				);
				MARKETING_VERSION = 1.0;
				PRODUCT_BUNDLE_IDENTIFIER = "UH.Exercise6-Rao-Arjun";
				PRODUCT_NAME = "$(TARGET_NAME)";
				SWIFT_EMIT_LOC_STRINGS = YES;
				SWIFT_VERSION = 5.0;
				TARGETED_DEVICE_FAMILY = "1,2";
			};
			name = Release;
		};
		8E300FDF2AD9A5DF00289FB9 /* Debug */ = {
			isa = XCBuildConfiguration;
			buildSettings = {
				ALWAYS_EMBED_SWIFT_STANDARD_LIBRARIES = YES;
				BUNDLE_LOADER = "$(TEST_HOST)";
				CODE_SIGN_STYLE = Automatic;
				CURRENT_PROJECT_VERSION = 1;
				GENERATE_INFOPLIST_FILE = YES;
				IPHONEOS_DEPLOYMENT_TARGET = 17.0;
				MARKETING_VERSION = 1.0;
				PRODUCT_BUNDLE_IDENTIFIER = "UH.Exercise6-Rao-ArjunTests";
				PRODUCT_NAME = "$(TARGET_NAME)";
				SWIFT_EMIT_LOC_STRINGS = NO;
				SWIFT_VERSION = 5.0;
				TARGETED_DEVICE_FAMILY = "1,2";
				TEST_HOST = "$(BUILT_PRODUCTS_DIR)/Exercise6_Rao_Arjun.app/$(BUNDLE_EXECUTABLE_FOLDER_PATH)/Exercise6_Rao_Arjun";
			};
			name = Debug;
		};
		8E300FE02AD9A5DF00289FB9 /* Release */ = {
			isa = XCBuildConfiguration;
			buildSettings = {
				ALWAYS_EMBED_SWIFT_STANDARD_LIBRARIES = YES;
				BUNDLE_LOADER = "$(TEST_HOST)";
				CODE_SIGN_STYLE = Automatic;
				CURRENT_PROJECT_VERSION = 1;
				GENERATE_INFOPLIST_FILE = YES;
				IPHONEOS_DEPLOYMENT_TARGET = 17.0;
				MARKETING_VERSION = 1.0;
				PRODUCT_BUNDLE_IDENTIFIER = "UH.Exercise6-Rao-ArjunTests";
				PRODUCT_NAME = "$(TARGET_NAME)";
				SWIFT_EMIT_LOC_STRINGS = NO;
				SWIFT_VERSION = 5.0;
				TARGETED_DEVICE_FAMILY = "1,2";
				TEST_HOST = "$(BUILT_PRODUCTS_DIR)/Exercise6_Rao_Arjun.app/$(BUNDLE_EXECUTABLE_FOLDER_PATH)/Exercise6_Rao_Arjun";
			};
			name = Release;
		};
		8E300FE22AD9A5DF00289FB9 /* Debug */ = {
			isa = XCBuildConfiguration;
			buildSettings = {
				ALWAYS_EMBED_SWIFT_STANDARD_LIBRARIES = YES;
				CODE_SIGN_STYLE = Automatic;
				CURRENT_PROJECT_VERSION = 1;
				GENERATE_INFOPLIST_FILE = YES;
				MARKETING_VERSION = 1.0;
				PRODUCT_BUNDLE_IDENTIFIER = "UH.Exercise6-Rao-ArjunUITests";
				PRODUCT_NAME = "$(TARGET_NAME)";
				SWIFT_EMIT_LOC_STRINGS = NO;
				SWIFT_VERSION = 5.0;
				TARGETED_DEVICE_FAMILY = "1,2";
				TEST_TARGET_NAME = Exercise6_Rao_Arjun;
			};
			name = Debug;
		};
		8E300FE32AD9A5DF00289FB9 /* Release */ = {
			isa = XCBuildConfiguration;
			buildSettings = {
				ALWAYS_EMBED_SWIFT_STANDARD_LIBRARIES = YES;
				CODE_SIGN_STYLE = Automatic;
				CURRENT_PROJECT_VERSION = 1;
				GENERATE_INFOPLIST_FILE = YES;
				MARKETING_VERSION = 1.0;
				PRODUCT_BUNDLE_IDENTIFIER = "UH.Exercise6-Rao-ArjunUITests";
				PRODUCT_NAME = "$(TARGET_NAME)";
				SWIFT_EMIT_LOC_STRINGS = NO;
				SWIFT_VERSION = 5.0;
				TARGETED_DEVICE_FAMILY = "1,2";
				TEST_TARGET_NAME = Exercise6_Rao_Arjun;
			};
			name = Release;
		};
/* End XCBuildConfiguration section */

/* Begin XCConfigurationList section */
		8E300FB22AD9A5DE00289FB9 /* Build configuration list for PBXProject "Exercise6_Rao_Arjun" */ = {
			isa = XCConfigurationList;
			buildConfigurations = (
				8E300FD92AD9A5DF00289FB9 /* Debug */,
				8E300FDA2AD9A5DF00289FB9 /* Release */,
			);
			defaultConfigurationIsVisible = 0;
			defaultConfigurationName = Release;
		};
		8E300FDB2AD9A5DF00289FB9 /* Build configuration list for PBXNativeTarget "Exercise6_Rao_Arjun" */ = {
			isa = XCConfigurationList;
			buildConfigurations = (
				8E300FDC2AD9A5DF00289FB9 /* Debug */,
				8E300FDD2AD9A5DF00289FB9 /* Release */,
			);
			defaultConfigurationIsVisible = 0;
			defaultConfigurationName = Release;
		};
		8E300FDE2AD9A5DF00289FB9 /* Build configuration list for PBXNativeTarget "Exercise6_Rao_ArjunTests" */ = {
			isa = XCConfigurationList;
			buildConfigurations = (
				8E300FDF2AD9A5DF00289FB9 /* Debug */,
				8E300FE02AD9A5DF00289FB9 /* Release */,
			);
			defaultConfigurationIsVisible = 0;
			defaultConfigurationName = Release;
		};
		8E300FE12AD9A5DF00289FB9 /* Build configuration list for PBXNativeTarget "Exercise6_Rao_ArjunUITests" */ = {
			isa = XCConfigurationList;
			buildConfigurations = (
				8E300FE22AD9A5DF00289FB9 /* Debug */,
				8E300FE32AD9A5DF00289FB9 /* Release */,
			);
			defaultConfigurationIsVisible = 0;
			defaultConfigurationName = Release;
		};
/* End XCConfigurationList section */
	};
	rootObject = 8E300FAF2AD9A5DE00289FB9 /* Project object */;
}
